
Microsoft Visual Studio Solution File, Format Version 12.00
# Visual Studio 15
Project("{FAE04EC0-301F-11D3-BF4B-00C04F79EFBC}") = "UnityEngine.UI", "UnityEngine.UI.csproj", "{25964B59-5453-A178-9986-31480B1F5BC6}"
EndProject
Project("{FAE04EC0-301F-11D3-BF4B-00C04F79EFBC}") = "Oculus.Platform", "Oculus.Platform.csproj", "{EA4DDBBF-21ED-06D1-7FBD-FDC82FD0746C}"
EndProject
Project("{FAE04EC0-301F-11D3-BF4B-00C04F79EFBC}") = "Assembly-CSharp", "Assembly-CSharp.csproj", "{4D24A99F-2B4D-F620-967D-65502693A626}"
EndProject
Project("{FAE04EC0-301F-11D3-BF4B-00C04F79EFBC}") = "UnityEngine.TestRunner", "UnityEngine.TestRunner.csproj", "{5D9224F3-A059-1A14-7379-749730B9AA28}"
EndProject
Project("{FAE04EC0-301F-11D3-BF4B-00C04F79EFBC}") = "UnityEngine.XR.LegacyInputHelpers", "UnityEngine.XR.LegacyInputHelpers.csproj", "{4F9380ED-B27C-DCD9-76C3-4551175FC0D0}"
EndProject
Project("{FAE04EC0-301F-11D3-BF4B-00C04F79EFBC}") = "Oculus.Interaction", "Oculus.Interaction.csproj", "{B5B6B0CC-71DE-7C65-E4F7-26469223C6FA}"
EndProject
Project("{FAE04EC0-301F-11D3-BF4B-00C04F79EFBC}") = "Oculus.Spatializer", "Oculus.Spatializer.csproj", "{ADA9BF36-23D0-59C1-109E-10A9A3DF0909}"
EndProject
Project("{FAE04EC0-301F-11D3-BF4B-00C04F79EFBC}") = "Unity.Timeline", "Unity.Timeline.csproj", "{88C67CB7-01DF-841E-CF31-6130D9BB46E9}"
EndProject
Project("{FAE04EC0-301F-11D3-BF4B-00C04F79EFBC}") = "Facebook.WitAI", "Facebook.WitAI.csproj", "{12D7BE5D-F9AB-BAA2-E787-8ECE096A223F}"
EndProject
Project("{FAE04EC0-301F-11D3-BF4B-00C04F79EFBC}") = "Unity.TextMeshPro", "Unity.TextMeshPro.csproj", "{0F9D0B26-A1EC-FF7F-4879-18C2A949EF6D}"
EndProject
Project("{FAE04EC0-301F-11D3-BF4B-00C04F79EFBC}") = "Unity.XR.Oculus", "Unity.XR.Oculus.csproj", "{8BF05497-6271-0175-1D4F-E30668A70572}"
EndProject
Project("{FAE04EC0-301F-11D3-BF4B-00C04F79EFBC}") = "Oculus.AudioManager", "Oculus.AudioManager.csproj", "{B1746E2B-8E00-DC4F-CB23-898FFDCE8E54}"
EndProject
Project("{FAE04EC0-301F-11D3-BF4B-00C04F79EFBC}") = "Unity.XR.Management", "Unity.XR.Management.csproj", "{4BCC536F-A4C6-41B8-11A3-C01E26F40F11}"
EndProject
Project("{FAE04EC0-301F-11D3-BF4B-00C04F79EFBC}") = "Oculus.VR", "Oculus.VR.csproj", "{7CDBBA03-CC9E-89A0-66B0-7E544DA35053}"
EndProject
Project("{FAE04EC0-301F-11D3-BF4B-00C04F79EFBC}") = "Oculus.Interaction.Samples", "Oculus.Interaction.Samples.csproj", "{F35CEBA3-4769-7658-6F7A-02E6FDC05622}"
EndProject
Project("{FAE04EC0-301F-11D3-BF4B-00C04F79EFBC}") = "VoiceSDK.Runtime", "VoiceSDK.Runtime.csproj", "{DC8DFE38-8AF2-D0E6-2A51-93A7C46E2D93}"
EndProject
Project("{FAE04EC0-301F-11D3-BF4B-00C04F79EFBC}") = "AssistantCoreSDKRuntime", "AssistantCoreSDKRuntime.csproj", "{34C44FE4-4344-EACD-4ABE-D73AAEAEB10A}"
EndProject
Project("{FAE04EC0-301F-11D3-BF4B-00C04F79EFBC}") = "Oculus.LipSync", "Oculus.LipSync.csproj", "{2A1985F9-B953-5CFB-11AE-3A549C368282}"
EndProject
Project("{FAE04EC0-301F-11D3-BF4B-00C04F79EFBC}") = "Unity.Subsystem.Registration", "Unity.Subsystem.Registration.csproj", "{0A4721AC-A69F-AC69-8BDA-B0774207A6DD}"
EndProject
Project("{FAE04EC0-301F-11D3-BF4B-00C04F79EFBC}") = "UnityEngine.SpatialTracking", "UnityEngine.SpatialTracking.csproj", "{03F1A6C7-943A-C73C-BC2C-80730CD4B870}"
EndProject
Project("{FAE04EC0-301F-11D3-BF4B-00C04F79EFBC}") = "Unity.XR.Management.Editor", "Unity.XR.Management.Editor.csproj", "{9FF5CA4F-AAA5-0D9B-7C15-855D92209245}"
EndProject
Project("{FAE04EC0-301F-11D3-BF4B-00C04F79EFBC}") = "UnityEditor.TestRunner", "UnityEditor.TestRunner.csproj", "{04A2B22B-F8F6-627F-8D37-D873B41E27E3}"
EndProject
Project("{FAE04EC0-301F-11D3-BF4B-00C04F79EFBC}") = "Unity.PlasticSCM.Editor", "Unity.PlasticSCM.Editor.csproj", "{2CCAA5F4-6640-8BFC-EAA2-D54117328F9E}"
EndProject
Project("{FAE04EC0-301F-11D3-BF4B-00C04F79EFBC}") = "Oculus.Platform.Editor", "Oculus.Platform.Editor.csproj", "{9A44C15F-1238-C32A-A37F-182BF1E5EBC0}"
EndProject
Project("{FAE04EC0-301F-11D3-BF4B-00C04F79EFBC}") = "UnityEditor.UI", "UnityEditor.UI.csproj", "{380808CE-FAD4-D59F-6CB4-09CA1FAD6336}"
EndProject
Project("{FAE04EC0-301F-11D3-BF4B-00C04F79EFBC}") = "Unity.Services.Core.Editor", "Unity.Services.Core.Editor.csproj", "{5EE7E6AC-032A-C28D-AEBF-2A54C4856D52}"
EndProject
Project("{FAE04EC0-301F-11D3-BF4B-00C04F79EFBC}") = "Unity.Timeline.Editor", "Unity.Timeline.Editor.csproj", "{5905075B-D8C4-9C7A-FC58-DB167B804772}"
EndProject
Project("{FAE04EC0-301F-11D3-BF4B-00C04F79EFBC}") = "Unity.VisualStudio.Editor", "Unity.VisualStudio.Editor.csproj", "{0C2CF3E4-11E4-4CDD-90B3-7395ECA495EE}"
EndProject
Project("{FAE04EC0-301F-11D3-BF4B-00C04F79EFBC}") = "Oculus.AudioManager.Audio.Editor", "Oculus.AudioManager.Audio.Editor.csproj", "{2C1A86DF-E838-E4DC-C3AF-4D4FC72FBF9F}"
EndProject
Project("{FAE04EC0-301F-11D3-BF4B-00C04F79EFBC}") = "Unity.TextMeshPro.Editor", "Unity.TextMeshPro.Editor.csproj", "{D6559D40-0853-5D65-11C8-90F85951E82B}"
EndProject
Project("{FAE04EC0-301F-11D3-BF4B-00C04F79EFBC}") = "Unity.CollabProxy.Editor", "Unity.CollabProxy.Editor.csproj", "{CAEBD7EB-2BA8-3AD1-0D0A-3E5CF43DC355}"
EndProject
Project("{FAE04EC0-301F-11D3-BF4B-00C04F79EFBC}") = "Unity.Rider.Editor", "Unity.Rider.Editor.csproj", "{1D6096ED-F7EC-C775-3EA5-5A776861A0FB}"
EndProject
Project("{FAE04EC0-301F-11D3-BF4B-00C04F79EFBC}") = "Oculus.Interaction.Editor", "Oculus.Interaction.Editor.csproj", "{EBD2538E-DD06-8606-F552-16AE244064C1}"
EndProject
Project("{FAE04EC0-301F-11D3-BF4B-00C04F79EFBC}") = "Oculus.VR.Scripts.Editor", "Oculus.VR.Scripts.Editor.csproj", "{D1F4AB9F-A7CC-0B73-299E-F2B4BEA11F0F}"
EndProject
Project("{FAE04EC0-301F-11D3-BF4B-00C04F79EFBC}") = "Facebook.Wit.Editor", "Facebook.Wit.Editor.csproj", "{90D6111B-4B01-FB3F-EB32-2532E535A24F}"
EndProject
Project("{FAE04EC0-301F-11D3-BF4B-00C04F79EFBC}") = "Oculus.Spatializer.Editor", "Oculus.Spatializer.Editor.csproj", "{292F54A4-99E7-293F-C785-557354F3C852}"
EndProject
Project("{FAE04EC0-301F-11D3-BF4B-00C04F79EFBC}") = "Oculus.VR.Editor", "Oculus.VR.Editor.csproj", "{0F3C5909-146E-3DFF-D24A-9A7E4F2FDB4E}"
EndProject
Project("{FAE04EC0-301F-11D3-BF4B-00C04F79EFBC}") = "UnityEditor.XR.LegacyInputHelpers", "UnityEditor.XR.LegacyInputHelpers.csproj", "{6FBDFDC1-2E36-67F9-6425-9DCDC3A2427D}"
EndProject
Project("{FAE04EC0-301F-11D3-BF4B-00C04F79EFBC}") = "Oculus.LipSync.Editor", "Oculus.LipSync.Editor.csproj", "{F2EFBDC4-493C-9691-6857-C2EC52723EC4}"
EndProject
Project("{FAE04EC0-301F-11D3-BF4B-00C04F79EFBC}") = "Unity.VSCode.Editor", "Unity.VSCode.Editor.csproj", "{D16B4F9C-9DBD-A8B3-1542-C4E51AE2E955}"
EndProject
Project("{FAE04EC0-301F-11D3-BF4B-00C04F79EFBC}") = "Assembly-CSharp-Editor", "Assembly-CSharp-Editor.csproj", "{3F767051-CBC5-B769-D821-48465BB4F473}"
EndProject
Project("{FAE04EC0-301F-11D3-BF4B-00C04F79EFBC}") = "VoiceSDK.Editor", "VoiceSDK.Editor.csproj", "{A661D07C-D5CF-FDB9-AD51-277033C8FEF7}"
EndProject
Project("{FAE04EC0-301F-11D3-BF4B-00C04F79EFBC}") = "UnityEditor.SpatialTracking", "UnityEditor.SpatialTracking.csproj", "{E6DF2760-599B-0D50-1D73-98456886261E}"
EndProject
Project("{FAE04EC0-301F-11D3-BF4B-00C04F79EFBC}") = "AssistantCoreSDKEditor", "AssistantCoreSDKEditor.csproj", "{EF7AF520-AB59-966B-0FD0-4A2322A6689B}"
EndProject
Project("{FAE04EC0-301F-11D3-BF4B-00C04F79EFBC}") = "Unity.XR.Oculus.Editor", "Unity.XR.Oculus.Editor.csproj", "{4CA07029-CB6E-22F2-F010-31B8973AF517}"
EndProject
Project("{FAE04EC0-301F-11D3-BF4B-00C04F79EFBC}") = "Oculus.AudioManager.Utils.Editor", "Oculus.AudioManager.Utils.Editor.csproj", "{C537BC60-739A-A7BE-E9E6-291D8CD11162}"
EndProject
Project("{FAE04EC0-301F-11D3-BF4B-00C04F79EFBC}") = "Oculus.Interaction.InterfaceSupport", "Oculus.Interaction.InterfaceSupport.csproj", "{E32B8A01-76E9-6D1A-8706-6ABFDCD6BC6C}"
EndProject
Project("{FAE04EC0-301F-11D3-BF4B-00C04F79EFBC}") = "UnityEngine.UI", "UnityEngine.UI.Player.csproj", "{AB304F3A-6F3D-85EB-A655-776861BCFC40}"
EndProject
Project("{FAE04EC0-301F-11D3-BF4B-00C04F79EFBC}") = "Oculus.Platform", "Oculus.Platform.Player.csproj", "{72BC12A0-2EA1-CCF5-72B0-2900B13A2EDD}"
EndProject
Project("{FAE04EC0-301F-11D3-BF4B-00C04F79EFBC}") = "Assembly-CSharp", "Assembly-CSharp.Player.csproj", "{544FC406-18CD-CDF3-B60E-6902AB7F062A}"
EndProject
Project("{FAE04EC0-301F-11D3-BF4B-00C04F79EFBC}") = "UnityEngine.TestRunner", "UnityEngine.TestRunner.Player.csproj", "{0A0BD392-E251-AC9B-9749-322B5A34297C}"
EndProject
Project("{FAE04EC0-301F-11D3-BF4B-00C04F79EFBC}") = "UnityEngine.XR.LegacyInputHelpers", "UnityEngine.XR.LegacyInputHelpers.Player.csproj", "{528415D5-5235-A95D-C099-005546FB602D}"
EndProject
Project("{FAE04EC0-301F-11D3-BF4B-00C04F79EFBC}") = "Oculus.Interaction", "Oculus.Interaction.Player.csproj", "{53A14392-39BE-1F4D-48B3-B4AC36DF6E3A}"
EndProject
Project("{FAE04EC0-301F-11D3-BF4B-00C04F79EFBC}") = "Oculus.Spatializer", "Oculus.Spatializer.Player.csproj", "{FAF0FB3C-F257-4242-4983-9A6A0CA01293}"
EndProject
Project("{FAE04EC0-301F-11D3-BF4B-00C04F79EFBC}") = "Unity.Timeline", "Unity.Timeline.Player.csproj", "{D66320A5-4451-AE8B-3358-B64671B0C649}"
EndProject
Project("{FAE04EC0-301F-11D3-BF4B-00C04F79EFBC}") = "Facebook.WitAI", "Facebook.WitAI.Player.csproj", "{7A7A007E-C6EB-3270-3868-8D143112C58A}"
EndProject
Project("{FAE04EC0-301F-11D3-BF4B-00C04F79EFBC}") = "Unity.TextMeshPro", "Unity.TextMeshPro.Player.csproj", "{E20E8088-A5C0-7379-EE69-423EDE300E56}"
EndProject
Project("{FAE04EC0-301F-11D3-BF4B-00C04F79EFBC}") = "Unity.XR.Oculus", "Unity.XR.Oculus.Player.csproj", "{25A663FB-DAC0-71D6-9FCD-F06C55E3F64E}"
EndProject
Project("{FAE04EC0-301F-11D3-BF4B-00C04F79EFBC}") = "Oculus.AudioManager", "Oculus.AudioManager.Player.csproj", "{D2977464-B63B-039B-DAB1-424F122E7630}"
EndProject
Project("{FAE04EC0-301F-11D3-BF4B-00C04F79EFBC}") = "Unity.XR.Management", "Unity.XR.Management.Player.csproj", "{07CAE97B-1A27-C1E9-6DD9-B9877E82C1EF}"
EndProject
Project("{FAE04EC0-301F-11D3-BF4B-00C04F79EFBC}") = "Oculus.VR", "Oculus.VR.Player.csproj", "{9AD6E73F-84F7-0129-C5B5-1A82BC4BD2A3}"
EndProject
Project("{FAE04EC0-301F-11D3-BF4B-00C04F79EFBC}") = "Oculus.Interaction.Samples", "Oculus.Interaction.Samples.Player.csproj", "{A23059E4-DECB-1885-C8F3-59B8DD8C0F57}"
EndProject
Project("{FAE04EC0-301F-11D3-BF4B-00C04F79EFBC}") = "VoiceSDK.Runtime", "VoiceSDK.Runtime.Player.csproj", "{94AD9D64-1A04-FCD2-310D-9E9EB89FE819}"
EndProject
Project("{FAE04EC0-301F-11D3-BF4B-00C04F79EFBC}") = "AssistantCoreSDKRuntime", "AssistantCoreSDKRuntime.Player.csproj", "{CF5B9B16-1E13-75B5-3657-28F3F843E101}"
EndProject
Project("{FAE04EC0-301F-11D3-BF4B-00C04F79EFBC}") = "Oculus.LipSync", "Oculus.LipSync.Player.csproj", "{A5E167FD-016E-713C-0CDA-1785B84C8CAA}"
EndProject
Project("{FAE04EC0-301F-11D3-BF4B-00C04F79EFBC}") = "Unity.Subsystem.Registration", "Unity.Subsystem.Registration.Player.csproj", "{BEBAB2A2-BBE6-9AE7-BF23-B3CB8D237AA2}"
EndProject
Project("{FAE04EC0-301F-11D3-BF4B-00C04F79EFBC}") = "UnityEngine.SpatialTracking", "UnityEngine.SpatialTracking.Player.csproj", "{39ED9644-4B26-970D-7990-CEDF889AF95F}"
EndProject
Global
	GlobalSection(SolutionConfigurationPlatforms) = preSolution
		Debug|Any CPU = Debug|Any CPU
		Release|Any CPU = Release|Any CPU
	EndGlobalSection
	GlobalSection(ProjectConfigurationPlatforms) = postSolution
		{25964B59-5453-A178-9986-31480B1F5BC6}.Debug|Any CPU.ActiveCfg = Debug|Any CPU
		{25964B59-5453-A178-9986-31480B1F5BC6}.Debug|Any CPU.Build.0 = Debug|Any CPU
		{25964B59-5453-A178-9986-31480B1F5BC6}.Release|Any CPU.ActiveCfg = Release|Any CPU
		{25964B59-5453-A178-9986-31480B1F5BC6}.Release|Any CPU.Build.0 = Release|Any CPU
		{EA4DDBBF-21ED-06D1-7FBD-FDC82FD0746C}.Debug|Any CPU.ActiveCfg = Debug|Any CPU
		{EA4DDBBF-21ED-06D1-7FBD-FDC82FD0746C}.Debug|Any CPU.Build.0 = Debug|Any CPU
		{EA4DDBBF-21ED-06D1-7FBD-FDC82FD0746C}.Release|Any CPU.ActiveCfg = Release|Any CPU
		{EA4DDBBF-21ED-06D1-7FBD-FDC82FD0746C}.Release|Any CPU.Build.0 = Release|Any CPU
		{4D24A99F-2B4D-F620-967D-65502693A626}.Debug|Any CPU.ActiveCfg = Debug|Any CPU
		{4D24A99F-2B4D-F620-967D-65502693A626}.Debug|Any CPU.Build.0 = Debug|Any CPU
		{4D24A99F-2B4D-F620-967D-65502693A626}.Release|Any CPU.ActiveCfg = Release|Any CPU
		{4D24A99F-2B4D-F620-967D-65502693A626}.Release|Any CPU.Build.0 = Release|Any CPU
		{5D9224F3-A059-1A14-7379-749730B9AA28}.Debug|Any CPU.ActiveCfg = Debug|Any CPU
		{5D9224F3-A059-1A14-7379-749730B9AA28}.Debug|Any CPU.Build.0 = Debug|Any CPU
		{5D9224F3-A059-1A14-7379-749730B9AA28}.Release|Any CPU.ActiveCfg = Release|Any CPU
		{5D9224F3-A059-1A14-7379-749730B9AA28}.Release|Any CPU.Build.0 = Release|Any CPU
		{4F9380ED-B27C-DCD9-76C3-4551175FC0D0}.Debug|Any CPU.ActiveCfg = Debug|Any CPU
		{4F9380ED-B27C-DCD9-76C3-4551175FC0D0}.Debug|Any CPU.Build.0 = Debug|Any CPU
		{4F9380ED-B27C-DCD9-76C3-4551175FC0D0}.Release|Any CPU.ActiveCfg = Release|Any CPU
		{4F9380ED-B27C-DCD9-76C3-4551175FC0D0}.Release|Any CPU.Build.0 = Release|Any CPU
		{B5B6B0CC-71DE-7C65-E4F7-26469223C6FA}.Debug|Any CPU.ActiveCfg = Debug|Any CPU
		{B5B6B0CC-71DE-7C65-E4F7-26469223C6FA}.Debug|Any CPU.Build.0 = Debug|Any CPU
		{B5B6B0CC-71DE-7C65-E4F7-26469223C6FA}.Release|Any CPU.ActiveCfg = Release|Any CPU
		{B5B6B0CC-71DE-7C65-E4F7-26469223C6FA}.Release|Any CPU.Build.0 = Release|Any CPU
		{ADA9BF36-23D0-59C1-109E-10A9A3DF0909}.Debug|Any CPU.ActiveCfg = Debug|Any CPU
		{ADA9BF36-23D0-59C1-109E-10A9A3DF0909}.Debug|Any CPU.Build.0 = Debug|Any CPU
		{ADA9BF36-23D0-59C1-109E-10A9A3DF0909}.Release|Any CPU.ActiveCfg = Release|Any CPU
		{ADA9BF36-23D0-59C1-109E-10A9A3DF0909}.Release|Any CPU.Build.0 = Release|Any CPU
		{88C67CB7-01DF-841E-CF31-6130D9BB46E9}.Debug|Any CPU.ActiveCfg = Debug|Any CPU
		{88C67CB7-01DF-841E-CF31-6130D9BB46E9}.Debug|Any CPU.Build.0 = Debug|Any CPU
		{88C67CB7-01DF-841E-CF31-6130D9BB46E9}.Release|Any CPU.ActiveCfg = Release|Any CPU
		{88C67CB7-01DF-841E-CF31-6130D9BB46E9}.Release|Any CPU.Build.0 = Release|Any CPU
		{12D7BE5D-F9AB-BAA2-E787-8ECE096A223F}.Debug|Any CPU.ActiveCfg = Debug|Any CPU
		{12D7BE5D-F9AB-BAA2-E787-8ECE096A223F}.Debug|Any CPU.Build.0 = Debug|Any CPU
		{12D7BE5D-F9AB-BAA2-E787-8ECE096A223F}.Release|Any CPU.ActiveCfg = Release|Any CPU
		{12D7BE5D-F9AB-BAA2-E787-8ECE096A223F}.Release|Any CPU.Build.0 = Release|Any CPU
		{0F9D0B26-A1EC-FF7F-4879-18C2A949EF6D}.Debug|Any CPU.ActiveCfg = Debug|Any CPU
		{0F9D0B26-A1EC-FF7F-4879-18C2A949EF6D}.Debug|Any CPU.Build.0 = Debug|Any CPU
		{0F9D0B26-A1EC-FF7F-4879-18C2A949EF6D}.Release|Any CPU.ActiveCfg = Release|Any CPU
		{0F9D0B26-A1EC-FF7F-4879-18C2A949EF6D}.Release|Any CPU.Build.0 = Release|Any CPU
		{8BF05497-6271-0175-1D4F-E30668A70572}.Debug|Any CPU.ActiveCfg = Debug|Any CPU
		{8BF05497-6271-0175-1D4F-E30668A70572}.Debug|Any CPU.Build.0 = Debug|Any CPU
		{8BF05497-6271-0175-1D4F-E30668A70572}.Release|Any CPU.ActiveCfg = Release|Any CPU
		{8BF05497-6271-0175-1D4F-E30668A70572}.Release|Any CPU.Build.0 = Release|Any CPU
		{B1746E2B-8E00-DC4F-CB23-898FFDCE8E54}.Debug|Any CPU.ActiveCfg = Debug|Any CPU
		{B1746E2B-8E00-DC4F-CB23-898FFDCE8E54}.Debug|Any CPU.Build.0 = Debug|Any CPU
		{B1746E2B-8E00-DC4F-CB23-898FFDCE8E54}.Release|Any CPU.ActiveCfg = Release|Any CPU
		{B1746E2B-8E00-DC4F-CB23-898FFDCE8E54}.Release|Any CPU.Build.0 = Release|Any CPU
		{4BCC536F-A4C6-41B8-11A3-C01E26F40F11}.Debug|Any CPU.ActiveCfg = Debug|Any CPU
		{4BCC536F-A4C6-41B8-11A3-C01E26F40F11}.Debug|Any CPU.Build.0 = Debug|Any CPU
		{4BCC536F-A4C6-41B8-11A3-C01E26F40F11}.Release|Any CPU.ActiveCfg = Release|Any CPU
		{4BCC536F-A4C6-41B8-11A3-C01E26F40F11}.Release|Any CPU.Build.0 = Release|Any CPU
		{7CDBBA03-CC9E-89A0-66B0-7E544DA35053}.Debug|Any CPU.ActiveCfg = Debug|Any CPU
		{7CDBBA03-CC9E-89A0-66B0-7E544DA35053}.Debug|Any CPU.Build.0 = Debug|Any CPU
		{7CDBBA03-CC9E-89A0-66B0-7E544DA35053}.Release|Any CPU.ActiveCfg = Release|Any CPU
		{7CDBBA03-CC9E-89A0-66B0-7E544DA35053}.Release|Any CPU.Build.0 = Release|Any CPU
		{F35CEBA3-4769-7658-6F7A-02E6FDC05622}.Debug|Any CPU.ActiveCfg = Debug|Any CPU
		{F35CEBA3-4769-7658-6F7A-02E6FDC05622}.Debug|Any CPU.Build.0 = Debug|Any CPU
		{F35CEBA3-4769-7658-6F7A-02E6FDC05622}.Release|Any CPU.ActiveCfg = Release|Any CPU
		{F35CEBA3-4769-7658-6F7A-02E6FDC05622}.Release|Any CPU.Build.0 = Release|Any CPU
		{DC8DFE38-8AF2-D0E6-2A51-93A7C46E2D93}.Debug|Any CPU.ActiveCfg = Debug|Any CPU
		{DC8DFE38-8AF2-D0E6-2A51-93A7C46E2D93}.Debug|Any CPU.Build.0 = Debug|Any CPU
		{DC8DFE38-8AF2-D0E6-2A51-93A7C46E2D93}.Release|Any CPU.ActiveCfg = Release|Any CPU
		{DC8DFE38-8AF2-D0E6-2A51-93A7C46E2D93}.Release|Any CPU.Build.0 = Release|Any CPU
		{34C44FE4-4344-EACD-4ABE-D73AAEAEB10A}.Debug|Any CPU.ActiveCfg = Debug|Any CPU
		{34C44FE4-4344-EACD-4ABE-D73AAEAEB10A}.Debug|Any CPU.Build.0 = Debug|Any CPU
		{34C44FE4-4344-EACD-4ABE-D73AAEAEB10A}.Release|Any CPU.ActiveCfg = Release|Any CPU
		{34C44FE4-4344-EACD-4ABE-D73AAEAEB10A}.Release|Any CPU.Build.0 = Release|Any CPU
		{2A1985F9-B953-5CFB-11AE-3A549C368282}.Debug|Any CPU.ActiveCfg = Debug|Any CPU
		{2A1985F9-B953-5CFB-11AE-3A549C368282}.Debug|Any CPU.Build.0 = Debug|Any CPU
		{2A1985F9-B953-5CFB-11AE-3A549C368282}.Release|Any CPU.ActiveCfg = Release|Any CPU
		{2A1985F9-B953-5CFB-11AE-3A549C368282}.Release|Any CPU.Build.0 = Release|Any CPU
		{0A4721AC-A69F-AC69-8BDA-B0774207A6DD}.Debug|Any CPU.ActiveCfg = Debug|Any CPU
		{0A4721AC-A69F-AC69-8BDA-B0774207A6DD}.Debug|Any CPU.Build.0 = Debug|Any CPU
		{0A4721AC-A69F-AC69-8BDA-B0774207A6DD}.Release|Any CPU.ActiveCfg = Release|Any CPU
		{0A4721AC-A69F-AC69-8BDA-B0774207A6DD}.Release|Any CPU.Build.0 = Release|Any CPU
		{03F1A6C7-943A-C73C-BC2C-80730CD4B870}.Debug|Any CPU.ActiveCfg = Debug|Any CPU
		{03F1A6C7-943A-C73C-BC2C-80730CD4B870}.Debug|Any CPU.Build.0 = Debug|Any CPU
		{03F1A6C7-943A-C73C-BC2C-80730CD4B870}.Release|Any CPU.ActiveCfg = Release|Any CPU
		{03F1A6C7-943A-C73C-BC2C-80730CD4B870}.Release|Any CPU.Build.0 = Release|Any CPU
		{9FF5CA4F-AAA5-0D9B-7C15-855D92209245}.Debug|Any CPU.ActiveCfg = Debug|Any CPU
		{9FF5CA4F-AAA5-0D9B-7C15-855D92209245}.Debug|Any CPU.Build.0 = Debug|Any CPU
		{9FF5CA4F-AAA5-0D9B-7C15-855D92209245}.Release|Any CPU.ActiveCfg = Release|Any CPU
		{9FF5CA4F-AAA5-0D9B-7C15-855D92209245}.Release|Any CPU.Build.0 = Release|Any CPU
		{04A2B22B-F8F6-627F-8D37-D873B41E27E3}.Debug|Any CPU.ActiveCfg = Debug|Any CPU
		{04A2B22B-F8F6-627F-8D37-D873B41E27E3}.Debug|Any CPU.Build.0 = Debug|Any CPU
		{04A2B22B-F8F6-627F-8D37-D873B41E27E3}.Release|Any CPU.ActiveCfg = Release|Any CPU
		{04A2B22B-F8F6-627F-8D37-D873B41E27E3}.Release|Any CPU.Build.0 = Release|Any CPU
		{2CCAA5F4-6640-8BFC-EAA2-D54117328F9E}.Debug|Any CPU.ActiveCfg = Debug|Any CPU
		{2CCAA5F4-6640-8BFC-EAA2-D54117328F9E}.Debug|Any CPU.Build.0 = Debug|Any CPU
		{2CCAA5F4-6640-8BFC-EAA2-D54117328F9E}.Release|Any CPU.ActiveCfg = Release|Any CPU
		{2CCAA5F4-6640-8BFC-EAA2-D54117328F9E}.Release|Any CPU.Build.0 = Release|Any CPU
		{9A44C15F-1238-C32A-A37F-182BF1E5EBC0}.Debug|Any CPU.ActiveCfg = Debug|Any CPU
		{9A44C15F-1238-C32A-A37F-182BF1E5EBC0}.Debug|Any CPU.Build.0 = Debug|Any CPU
		{9A44C15F-1238-C32A-A37F-182BF1E5EBC0}.Release|Any CPU.ActiveCfg = Release|Any CPU
		{9A44C15F-1238-C32A-A37F-182BF1E5EBC0}.Release|Any CPU.Build.0 = Release|Any CPU
		{380808CE-FAD4-D59F-6CB4-09CA1FAD6336}.Debug|Any CPU.ActiveCfg = Debug|Any CPU
		{380808CE-FAD4-D59F-6CB4-09CA1FAD6336}.Debug|Any CPU.Build.0 = Debug|Any CPU
		{380808CE-FAD4-D59F-6CB4-09CA1FAD6336}.Release|Any CPU.ActiveCfg = Release|Any CPU
		{380808CE-FAD4-D59F-6CB4-09CA1FAD6336}.Release|Any CPU.Build.0 = Release|Any CPU
		{5EE7E6AC-032A-C28D-AEBF-2A54C4856D52}.Debug|Any CPU.ActiveCfg = Debug|Any CPU
		{5EE7E6AC-032A-C28D-AEBF-2A54C4856D52}.Debug|Any CPU.Build.0 = Debug|Any CPU
		{5EE7E6AC-032A-C28D-AEBF-2A54C4856D52}.Release|Any CPU.ActiveCfg = Release|Any CPU
		{5EE7E6AC-032A-C28D-AEBF-2A54C4856D52}.Release|Any CPU.Build.0 = Release|Any CPU
		{5905075B-D8C4-9C7A-FC58-DB167B804772}.Debug|Any CPU.ActiveCfg = Debug|Any CPU
		{5905075B-D8C4-9C7A-FC58-DB167B804772}.Debug|Any CPU.Build.0 = Debug|Any CPU
		{5905075B-D8C4-9C7A-FC58-DB167B804772}.Release|Any CPU.ActiveCfg = Release|Any CPU
		{5905075B-D8C4-9C7A-FC58-DB167B804772}.Release|Any CPU.Build.0 = Release|Any CPU
		{0C2CF3E4-11E4-4CDD-90B3-7395ECA495EE}.Debug|Any CPU.ActiveCfg = Debug|Any CPU
		{0C2CF3E4-11E4-4CDD-90B3-7395ECA495EE}.Debug|Any CPU.Build.0 = Debug|Any CPU
		{0C2CF3E4-11E4-4CDD-90B3-7395ECA495EE}.Release|Any CPU.ActiveCfg = Release|Any CPU
		{0C2CF3E4-11E4-4CDD-90B3-7395ECA495EE}.Release|Any CPU.Build.0 = Release|Any CPU
		{2C1A86DF-E838-E4DC-C3AF-4D4FC72FBF9F}.Debug|Any CPU.ActiveCfg = Debug|Any CPU
		{2C1A86DF-E838-E4DC-C3AF-4D4FC72FBF9F}.Debug|Any CPU.Build.0 = Debug|Any CPU
		{2C1A86DF-E838-E4DC-C3AF-4D4FC72FBF9F}.Release|Any CPU.ActiveCfg = Release|Any CPU
		{2C1A86DF-E838-E4DC-C3AF-4D4FC72FBF9F}.Release|Any CPU.Build.0 = Release|Any CPU
		{D6559D40-0853-5D65-11C8-90F85951E82B}.Debug|Any CPU.ActiveCfg = Debug|Any CPU
		{D6559D40-0853-5D65-11C8-90F85951E82B}.Debug|Any CPU.Build.0 = Debug|Any CPU
		{D6559D40-0853-5D65-11C8-90F85951E82B}.Release|Any CPU.ActiveCfg = Release|Any CPU
		{D6559D40-0853-5D65-11C8-90F85951E82B}.Release|Any CPU.Build.0 = Release|Any CPU
		{CAEBD7EB-2BA8-3AD1-0D0A-3E5CF43DC355}.Debug|Any CPU.ActiveCfg = Debug|Any CPU
		{CAEBD7EB-2BA8-3AD1-0D0A-3E5CF43DC355}.Debug|Any CPU.Build.0 = Debug|Any CPU
		{CAEBD7EB-2BA8-3AD1-0D0A-3E5CF43DC355}.Release|Any CPU.ActiveCfg = Release|Any CPU
		{CAEBD7EB-2BA8-3AD1-0D0A-3E5CF43DC355}.Release|Any CPU.Build.0 = Release|Any CPU
		{1D6096ED-F7EC-C775-3EA5-5A776861A0FB}.Debug|Any CPU.ActiveCfg = Debug|Any CPU
		{1D6096ED-F7EC-C775-3EA5-5A776861A0FB}.Debug|Any CPU.Build.0 = Debug|Any CPU
		{1D6096ED-F7EC-C775-3EA5-5A776861A0FB}.Release|Any CPU.ActiveCfg = Release|Any CPU
		{1D6096ED-F7EC-C775-3EA5-5A776861A0FB}.Release|Any CPU.Build.0 = Release|Any CPU
		{EBD2538E-DD06-8606-F552-16AE244064C1}.Debug|Any CPU.ActiveCfg = Debug|Any CPU
		{EBD2538E-DD06-8606-F552-16AE244064C1}.Debug|Any CPU.Build.0 = Debug|Any CPU
		{EBD2538E-DD06-8606-F552-16AE244064C1}.Release|Any CPU.ActiveCfg = Release|Any CPU
		{EBD2538E-DD06-8606-F552-16AE244064C1}.Release|Any CPU.Build.0 = Release|Any CPU
		{D1F4AB9F-A7CC-0B73-299E-F2B4BEA11F0F}.Debug|Any CPU.ActiveCfg = Debug|Any CPU
		{D1F4AB9F-A7CC-0B73-299E-F2B4BEA11F0F}.Debug|Any CPU.Build.0 = Debug|Any CPU
		{D1F4AB9F-A7CC-0B73-299E-F2B4BEA11F0F}.Release|Any CPU.ActiveCfg = Release|Any CPU
		{D1F4AB9F-A7CC-0B73-299E-F2B4BEA11F0F}.Release|Any CPU.Build.0 = Release|Any CPU
		{90D6111B-4B01-FB3F-EB32-2532E535A24F}.Debug|Any CPU.ActiveCfg = Debug|Any CPU
		{90D6111B-4B01-FB3F-EB32-2532E535A24F}.Debug|Any CPU.Build.0 = Debug|Any CPU
		{90D6111B-4B01-FB3F-EB32-2532E535A24F}.Release|Any CPU.ActiveCfg = Release|Any CPU
		{90D6111B-4B01-FB3F-EB32-2532E535A24F}.Release|Any CPU.Build.0 = Release|Any CPU
		{292F54A4-99E7-293F-C785-557354F3C852}.Debug|Any CPU.ActiveCfg = Debug|Any CPU
		{292F54A4-99E7-293F-C785-557354F3C852}.Debug|Any CPU.Build.0 = Debug|Any CPU
		{292F54A4-99E7-293F-C785-557354F3C852}.Release|Any CPU.ActiveCfg = Release|Any CPU
		{292F54A4-99E7-293F-C785-557354F3C852}.Release|Any CPU.Build.0 = Release|Any CPU
		{0F3C5909-146E-3DFF-D24A-9A7E4F2FDB4E}.Debug|Any CPU.ActiveCfg = Debug|Any CPU
		{0F3C5909-146E-3DFF-D24A-9A7E4F2FDB4E}.Debug|Any CPU.Build.0 = Debug|Any CPU
		{0F3C5909-146E-3DFF-D24A-9A7E4F2FDB4E}.Release|Any CPU.ActiveCfg = Release|Any CPU
		{0F3C5909-146E-3DFF-D24A-9A7E4F2FDB4E}.Release|Any CPU.Build.0 = Release|Any CPU
		{6FBDFDC1-2E36-67F9-6425-9DCDC3A2427D}.Debug|Any CPU.ActiveCfg = Debug|Any CPU
		{6FBDFDC1-2E36-67F9-6425-9DCDC3A2427D}.Debug|Any CPU.Build.0 = Debug|Any CPU
		{6FBDFDC1-2E36-67F9-6425-9DCDC3A2427D}.Release|Any CPU.ActiveCfg = Release|Any CPU
		{6FBDFDC1-2E36-67F9-6425-9DCDC3A2427D}.Release|Any CPU.Build.0 = Release|Any CPU
		{F2EFBDC4-493C-9691-6857-C2EC52723EC4}.Debug|Any CPU.ActiveCfg = Debug|Any CPU
		{F2EFBDC4-493C-9691-6857-C2EC52723EC4}.Debug|Any CPU.Build.0 = Debug|Any CPU
		{F2EFBDC4-493C-9691-6857-C2EC52723EC4}.Release|Any CPU.ActiveCfg = Release|Any CPU
		{F2EFBDC4-493C-9691-6857-C2EC52723EC4}.Release|Any CPU.Build.0 = Release|Any CPU
		{D16B4F9C-9DBD-A8B3-1542-C4E51AE2E955}.Debug|Any CPU.ActiveCfg = Debug|Any CPU
		{D16B4F9C-9DBD-A8B3-1542-C4E51AE2E955}.Debug|Any CPU.Build.0 = Debug|Any CPU
		{D16B4F9C-9DBD-A8B3-1542-C4E51AE2E955}.Release|Any CPU.ActiveCfg = Release|Any CPU
		{D16B4F9C-9DBD-A8B3-1542-C4E51AE2E955}.Release|Any CPU.Build.0 = Release|Any CPU
		{3F767051-CBC5-B769-D821-48465BB4F473}.Debug|Any CPU.ActiveCfg = Debug|Any CPU
		{3F767051-CBC5-B769-D821-48465BB4F473}.Debug|Any CPU.Build.0 = Debug|Any CPU
		{3F767051-CBC5-B769-D821-48465BB4F473}.Release|Any CPU.ActiveCfg = Release|Any CPU
		{3F767051-CBC5-B769-D821-48465BB4F473}.Release|Any CPU.Build.0 = Release|Any CPU
		{A661D07C-D5CF-FDB9-AD51-277033C8FEF7}.Debug|Any CPU.ActiveCfg = Debug|Any CPU
		{A661D07C-D5CF-FDB9-AD51-277033C8FEF7}.Debug|Any CPU.Build.0 = Debug|Any CPU
		{A661D07C-D5CF-FDB9-AD51-277033C8FEF7}.Release|Any CPU.ActiveCfg = Release|Any CPU
		{A661D07C-D5CF-FDB9-AD51-277033C8FEF7}.Release|Any CPU.Build.0 = Release|Any CPU
		{E6DF2760-599B-0D50-1D73-98456886261E}.Debug|Any CPU.ActiveCfg = Debug|Any CPU
		{E6DF2760-599B-0D50-1D73-98456886261E}.Debug|Any CPU.Build.0 = Debug|Any CPU
		{E6DF2760-599B-0D50-1D73-98456886261E}.Release|Any CPU.ActiveCfg = Release|Any CPU
		{E6DF2760-599B-0D50-1D73-98456886261E}.Release|Any CPU.Build.0 = Release|Any CPU
		{EF7AF520-AB59-966B-0FD0-4A2322A6689B}.Debug|Any CPU.ActiveCfg = Debug|Any CPU
		{EF7AF520-AB59-966B-0FD0-4A2322A6689B}.Debug|Any CPU.Build.0 = Debug|Any CPU
		{EF7AF520-AB59-966B-0FD0-4A2322A6689B}.Release|Any CPU.ActiveCfg = Release|Any CPU
		{EF7AF520-AB59-966B-0FD0-4A2322A6689B}.Release|Any CPU.Build.0 = Release|Any CPU
		{4CA07029-CB6E-22F2-F010-31B8973AF517}.Debug|Any CPU.ActiveCfg = Debug|Any CPU
		{4CA07029-CB6E-22F2-F010-31B8973AF517}.Debug|Any CPU.Build.0 = Debug|Any CPU
		{4CA07029-CB6E-22F2-F010-31B8973AF517}.Release|Any CPU.ActiveCfg = Release|Any CPU
		{4CA07029-CB6E-22F2-F010-31B8973AF517}.Release|Any CPU.Build.0 = Release|Any CPU
		{C537BC60-739A-A7BE-E9E6-291D8CD11162}.Debug|Any CPU.ActiveCfg = Debug|Any CPU
		{C537BC60-739A-A7BE-E9E6-291D8CD11162}.Debug|Any CPU.Build.0 = Debug|Any CPU
		{C537BC60-739A-A7BE-E9E6-291D8CD11162}.Release|Any CPU.ActiveCfg = Release|Any CPU
		{C537BC60-739A-A7BE-E9E6-291D8CD11162}.Release|Any CPU.Build.0 = Release|Any CPU
		{E32B8A01-76E9-6D1A-8706-6ABFDCD6BC6C}.Debug|Any CPU.ActiveCfg = Debug|Any CPU
		{E32B8A01-76E9-6D1A-8706-6ABFDCD6BC6C}.Debug|Any CPU.Build.0 = Debug|Any CPU
		{E32B8A01-76E9-6D1A-8706-6ABFDCD6BC6C}.Release|Any CPU.ActiveCfg = Release|Any CPU
		{E32B8A01-76E9-6D1A-8706-6ABFDCD6BC6C}.Release|Any CPU.Build.0 = Release|Any CPU
		{AB304F3A-6F3D-85EB-A655-776861BCFC40}.Debug|Any CPU.ActiveCfg = Debug|Any CPU
		{AB304F3A-6F3D-85EB-A655-776861BCFC40}.Debug|Any CPU.Build.0 = Debug|Any CPU
		{AB304F3A-6F3D-85EB-A655-776861BCFC40}.Release|Any CPU.ActiveCfg = Release|Any CPU
		{AB304F3A-6F3D-85EB-A655-776861BCFC40}.Release|Any CPU.Build.0 = Release|Any CPU
		{72BC12A0-2EA1-CCF5-72B0-2900B13A2EDD}.Debug|Any CPU.ActiveCfg = Debug|Any CPU
		{72BC12A0-2EA1-CCF5-72B0-2900B13A2EDD}.Debug|Any CPU.Build.0 = Debug|Any CPU
		{72BC12A0-2EA1-CCF5-72B0-2900B13A2EDD}.Release|Any CPU.ActiveCfg = Release|Any CPU
		{72BC12A0-2EA1-CCF5-72B0-2900B13A2EDD}.Release|Any CPU.Build.0 = Release|Any CPU
		{544FC406-18CD-CDF3-B60E-6902AB7F062A}.Debug|Any CPU.ActiveCfg = Debug|Any CPU
		{544FC406-18CD-CDF3-B60E-6902AB7F062A}.Debug|Any CPU.Build.0 = Debug|Any CPU
		{544FC406-18CD-CDF3-B60E-6902AB7F062A}.Release|Any CPU.ActiveCfg = Release|Any CPU
		{544FC406-18CD-CDF3-B60E-6902AB7F062A}.Release|Any CPU.Build.0 = Release|Any CPU
		{0A0BD392-E251-AC9B-9749-322B5A34297C}.Debug|Any CPU.ActiveCfg = Debug|Any CPU
		{0A0BD392-E251-AC9B-9749-322B5A34297C}.Debug|Any CPU.Build.0 = Debug|Any CPU
		{0A0BD392-E251-AC9B-9749-322B5A34297C}.Release|Any CPU.ActiveCfg = Release|Any CPU
		{0A0BD392-E251-AC9B-9749-322B5A34297C}.Release|Any CPU.Build.0 = Release|Any CPU
		{528415D5-5235-A95D-C099-005546FB602D}.Debug|Any CPU.ActiveCfg = Debug|Any CPU
		{528415D5-5235-A95D-C099-005546FB602D}.Debug|Any CPU.Build.0 = Debug|Any CPU
		{528415D5-5235-A95D-C099-005546FB602D}.Release|Any CPU.ActiveCfg = Release|Any CPU
		{528415D5-5235-A95D-C099-005546FB602D}.Release|Any CPU.Build.0 = Release|Any CPU
		{53A14392-39BE-1F4D-48B3-B4AC36DF6E3A}.Debug|Any CPU.ActiveCfg = Debug|Any CPU
		{53A14392-39BE-1F4D-48B3-B4AC36DF6E3A}.Debug|Any CPU.Build.0 = Debug|Any CPU
		{53A14392-39BE-1F4D-48B3-B4AC36DF6E3A}.Release|Any CPU.ActiveCfg = Release|Any CPU
		{53A14392-39BE-1F4D-48B3-B4AC36DF6E3A}.Release|Any CPU.Build.0 = Release|Any CPU
		{FAF0FB3C-F257-4242-4983-9A6A0CA01293}.Debug|Any CPU.ActiveCfg = Debug|Any CPU
		{FAF0FB3C-F257-4242-4983-9A6A0CA01293}.Debug|Any CPU.Build.0 = Debug|Any CPU
		{FAF0FB3C-F257-4242-4983-9A6A0CA01293}.Release|Any CPU.ActiveCfg = Release|Any CPU
		{FAF0FB3C-F257-4242-4983-9A6A0CA01293}.Release|Any CPU.Build.0 = Release|Any CPU
		{D66320A5-4451-AE8B-3358-B64671B0C649}.Debug|Any CPU.ActiveCfg = Debug|Any CPU
		{D66320A5-4451-AE8B-3358-B64671B0C649}.Debug|Any CPU.Build.0 = Debug|Any CPU
		{D66320A5-4451-AE8B-3358-B64671B0C649}.Release|Any CPU.ActiveCfg = Release|Any CPU
		{D66320A5-4451-AE8B-3358-B64671B0C649}.Release|Any CPU.Build.0 = Release|Any CPU
		{7A7A007E-C6EB-3270-3868-8D143112C58A}.Debug|Any CPU.ActiveCfg = Debug|Any CPU
		{7A7A007E-C6EB-3270-3868-8D143112C58A}.Debug|Any CPU.Build.0 = Debug|Any CPU
		{7A7A007E-C6EB-3270-3868-8D143112C58A}.Release|Any CPU.ActiveCfg = Release|Any CPU
		{7A7A007E-C6EB-3270-3868-8D143112C58A}.Release|Any CPU.Build.0 = Release|Any CPU
		{E20E8088-A5C0-7379-EE69-423EDE300E56}.Debug|Any CPU.ActiveCfg = Debug|Any CPU
		{E20E8088-A5C0-7379-EE69-423EDE300E56}.Debug|Any CPU.Build.0 = Debug|Any CPU
		{E20E8088-A5C0-7379-EE69-423EDE300E56}.Release|Any CPU.ActiveCfg = Release|Any CPU
		{E20E8088-A5C0-7379-EE69-423EDE300E56}.Release|Any CPU.Build.0 = Release|Any CPU
		{25A663FB-DAC0-71D6-9FCD-F06C55E3F64E}.Debug|Any CPU.ActiveCfg = Debug|Any CPU
		{25A663FB-DAC0-71D6-9FCD-F06C55E3F64E}.Debug|Any CPU.Build.0 = Debug|Any CPU
		{25A663FB-DAC0-71D6-9FCD-F06C55E3F64E}.Release|Any CPU.ActiveCfg = Release|Any CPU
		{25A663FB-DAC0-71D6-9FCD-F06C55E3F64E}.Release|Any CPU.Build.0 = Release|Any CPU
		{D2977464-B63B-039B-DAB1-424F122E7630}.Debug|Any CPU.ActiveCfg = Debug|Any CPU
		{D2977464-B63B-039B-DAB1-424F122E7630}.Debug|Any CPU.Build.0 = Debug|Any CPU
		{D2977464-B63B-039B-DAB1-424F122E7630}.Release|Any CPU.ActiveCfg = Release|Any CPU
		{D2977464-B63B-039B-DAB1-424F122E7630}.Release|Any CPU.Build.0 = Release|Any CPU
		{07CAE97B-1A27-C1E9-6DD9-B9877E82C1EF}.Debug|Any CPU.ActiveCfg = Debug|Any CPU
		{07CAE97B-1A27-C1E9-6DD9-B9877E82C1EF}.Debug|Any CPU.Build.0 = Debug|Any CPU
		{07CAE97B-1A27-C1E9-6DD9-B9877E82C1EF}.Release|Any CPU.ActiveCfg = Release|Any CPU
		{07CAE97B-1A27-C1E9-6DD9-B9877E82C1EF}.Release|Any CPU.Build.0 = Release|Any CPU
		{9AD6E73F-84F7-0129-C5B5-1A82BC4BD2A3}.Debug|Any CPU.ActiveCfg = Debug|Any CPU
		{9AD6E73F-84F7-0129-C5B5-1A82BC4BD2A3}.Debug|Any CPU.Build.0 = Debug|Any CPU
		{9AD6E73F-84F7-0129-C5B5-1A82BC4BD2A3}.Release|Any CPU.ActiveCfg = Release|Any CPU
		{9AD6E73F-84F7-0129-C5B5-1A82BC4BD2A3}.Release|Any CPU.Build.0 = Release|Any CPU
		{A23059E4-DECB-1885-C8F3-59B8DD8C0F57}.Debug|Any CPU.ActiveCfg = Debug|Any CPU
		{A23059E4-DECB-1885-C8F3-59B8DD8C0F57}.Debug|Any CPU.Build.0 = Debug|Any CPU
		{A23059E4-DECB-1885-C8F3-59B8DD8C0F57}.Release|Any CPU.ActiveCfg = Release|Any CPU
		{A23059E4-DECB-1885-C8F3-59B8DD8C0F57}.Release|Any CPU.Build.0 = Release|Any CPU
		{94AD9D64-1A04-FCD2-310D-9E9EB89FE819}.Debug|Any CPU.ActiveCfg = Debug|Any CPU
		{94AD9D64-1A04-FCD2-310D-9E9EB89FE819}.Debug|Any CPU.Build.0 = Debug|Any CPU
		{94AD9D64-1A04-FCD2-310D-9E9EB89FE819}.Release|Any CPU.ActiveCfg = Release|Any CPU
		{94AD9D64-1A04-FCD2-310D-9E9EB89FE819}.Release|Any CPU.Build.0 = Release|Any CPU
		{CF5B9B16-1E13-75B5-3657-28F3F843E101}.Debug|Any CPU.ActiveCfg = Debug|Any CPU
		{CF5B9B16-1E13-75B5-3657-28F3F843E101}.Debug|Any CPU.Build.0 = Debug|Any CPU
		{CF5B9B16-1E13-75B5-3657-28F3F843E101}.Release|Any CPU.ActiveCfg = Release|Any CPU
		{CF5B9B16-1E13-75B5-3657-28F3F843E101}.Release|Any CPU.Build.0 = Release|Any CPU
		{A5E167FD-016E-713C-0CDA-1785B84C8CAA}.Debug|Any CPU.ActiveCfg = Debug|Any CPU
		{A5E167FD-016E-713C-0CDA-1785B84C8CAA}.Debug|Any CPU.Build.0 = Debug|Any CPU
		{A5E167FD-016E-713C-0CDA-1785B84C8CAA}.Release|Any CPU.ActiveCfg = Release|Any CPU
		{A5E167FD-016E-713C-0CDA-1785B84C8CAA}.Release|Any CPU.Build.0 = Release|Any CPU
		{BEBAB2A2-BBE6-9AE7-BF23-B3CB8D237AA2}.Debug|Any CPU.ActiveCfg = Debug|Any CPU
		{BEBAB2A2-BBE6-9AE7-BF23-B3CB8D237AA2}.Debug|Any CPU.Build.0 = Debug|Any CPU
		{BEBAB2A2-BBE6-9AE7-BF23-B3CB8D237AA2}.Release|Any CPU.ActiveCfg = Release|Any CPU
		{BEBAB2A2-BBE6-9AE7-BF23-B3CB8D237AA2}.Release|Any CPU.Build.0 = Release|Any CPU
		{39ED9644-4B26-970D-7990-CEDF889AF95F}.Debug|Any CPU.ActiveCfg = Debug|Any CPU
		{39ED9644-4B26-970D-7990-CEDF889AF95F}.Debug|Any CPU.Build.0 = Debug|Any CPU
		{39ED9644-4B26-970D-7990-CEDF889AF95F}.Release|Any CPU.ActiveCfg = Release|Any CPU
		{39ED9644-4B26-970D-7990-CEDF889AF95F}.Release|Any CPU.Build.0 = Release|Any CPU
	EndGlobalSection
	GlobalSection(SolutionProperties) = preSolution
		HideSolutionNode = FALSE
	EndGlobalSection
EndGlobal
