
Microsoft Visual Studio Solution File, Format Version 12.00
# Visual Studio 15
Project("{FAE04EC0-301F-11D3-BF4B-00C04F79EFBC}") = "UnityEngine.UI", "UnityEngine.UI.csproj", "{4597EC6D-15D8-52A4-9634-86790B11DDB7}"
EndProject
Project("{FAE04EC0-301F-11D3-BF4B-00C04F79EFBC}") = "Oculus.Platform", "Oculus.Platform.csproj", "{9731C4CE-D169-C900-234A-C7B621E867FD}"
EndProject
Project("{FAE04EC0-301F-11D3-BF4B-00C04F79EFBC}") = "Assembly-CSharp", "Assembly-CSharp.csproj", "{D667A3B4-58C8-4FCE-A88F-6D952ECF9E01}"
EndProject
Project("{FAE04EC0-301F-11D3-BF4B-00C04F79EFBC}") = "UnityEngine.TestRunner", "UnityEngine.TestRunner.csproj", "{6E24084A-11A2-DD6F-FB18-468F97352315}"
EndProject
Project("{FAE04EC0-301F-11D3-BF4B-00C04F79EFBC}") = "UnityEngine.XR.LegacyInputHelpers", "UnityEngine.XR.LegacyInputHelpers.csproj", "{D53D70D5-2EFF-4242-1A37-C7365A93D4AD}"
EndProject
Project("{FAE04EC0-301F-11D3-BF4B-00C04F79EFBC}") = "Oculus.Interaction", "Oculus.Interaction.csproj", "{C648DB66-9D1D-D2F4-CC1E-77F3F46A2BD8}"
EndProject
Project("{FAE04EC0-301F-11D3-BF4B-00C04F79EFBC}") = "Oculus.Spatializer", "Oculus.Spatializer.csproj", "{3E693693-2623-1E7B-1819-7C6C85D0AD18}"
EndProject
Project("{FAE04EC0-301F-11D3-BF4B-00C04F79EFBC}") = "Unity.Timeline", "Unity.Timeline.csproj", "{B6E47412-160D-E47D-11A6-A3C81C04450C}"
EndProject
Project("{FAE04EC0-301F-11D3-BF4B-00C04F79EFBC}") = "Polyperfect.Animals", "Polyperfect.Animals.csproj", "{F075027D-D147-9ACA-2102-CAE8D0F7F3EE}"
EndProject
Project("{FAE04EC0-301F-11D3-BF4B-00C04F79EFBC}") = "Facebook.WitAI", "Facebook.WitAI.csproj", "{B90B2AA0-27D8-4753-FBE1-B7EE148CD399}"
EndProject
Project("{FAE04EC0-301F-11D3-BF4B-00C04F79EFBC}") = "Unity.TextMeshPro", "Unity.TextMeshPro.csproj", "{BF352A5F-EAA2-F54A-3488-7B75630EBA2C}"
EndProject
Project("{FAE04EC0-301F-11D3-BF4B-00C04F79EFBC}") = "Unity.XR.Oculus", "Unity.XR.Oculus.csproj", "{7F6DC5C8-069B-D012-0073-4DC1AA6C7A8F}"
EndProject
Project("{FAE04EC0-301F-11D3-BF4B-00C04F79EFBC}") = "Oculus.AudioManager", "Oculus.AudioManager.csproj", "{3E8A56D6-6D5C-B965-5349-30B8131F04EC}"
EndProject
Project("{FAE04EC0-301F-11D3-BF4B-00C04F79EFBC}") = "Unity.XR.Management", "Unity.XR.Management.csproj", "{7B199AC9-3054-0559-AB1B-89466013AB5C}"
EndProject
Project("{FAE04EC0-301F-11D3-BF4B-00C04F79EFBC}") = "Oculus.VR", "Oculus.VR.csproj", "{085E1AA2-6517-52F5-05B8-C7060B5CF042}"
EndProject
Project("{FAE04EC0-301F-11D3-BF4B-00C04F79EFBC}") = "Polyperfect.Common", "Polyperfect.Common.csproj", "{9BFAAFFA-6A0C-43E8-7B49-9EAD3C331AAA}"
EndProject
Project("{FAE04EC0-301F-11D3-BF4B-00C04F79EFBC}") = "Oculus.Interaction.Samples", "Oculus.Interaction.Samples.csproj", "{2217B499-D1DC-47B2-8D90-7E35F7C1666A}"
EndProject
Project("{FAE04EC0-301F-11D3-BF4B-00C04F79EFBC}") = "VoiceSDK.Runtime", "VoiceSDK.Runtime.csproj", "{81F185BE-F5C2-AC58-B381-CB08FF49CFAE}"
EndProject
Project("{FAE04EC0-301F-11D3-BF4B-00C04F79EFBC}") = "AssistantCoreSDKRuntime", "AssistantCoreSDKRuntime.csproj", "{798A874F-02C7-0D43-43C3-CAB5BEE38321}"
EndProject
Project("{FAE04EC0-301F-11D3-BF4B-00C04F79EFBC}") = "Oculus.LipSync", "Oculus.LipSync.csproj", "{3D1B8D70-ECD6-C3BF-9681-C9D82381B350}"
EndProject
Project("{FAE04EC0-301F-11D3-BF4B-00C04F79EFBC}") = "Unity.Subsystem.Registration", "Unity.Subsystem.Registration.csproj", "{0DF36447-18C3-71FB-78C6-092A1BAD6103}"
EndProject
Project("{FAE04EC0-301F-11D3-BF4B-00C04F79EFBC}") = "UnityEngine.SpatialTracking", "UnityEngine.SpatialTracking.csproj", "{9E4E8A88-DC69-243B-EAD3-1FC86D1BE91C}"
EndProject
Project("{FAE04EC0-301F-11D3-BF4B-00C04F79EFBC}") = "Unity.XR.Management.Editor", "Unity.XR.Management.Editor.csproj", "{3625644F-0268-0C3C-E2E0-4D9D72EA6173}"
EndProject
Project("{FAE04EC0-301F-11D3-BF4B-00C04F79EFBC}") = "UnityEditor.TestRunner", "UnityEditor.TestRunner.csproj", "{0829850F-8917-DB0E-93CA-68DC68891159}"
EndProject
Project("{FAE04EC0-301F-11D3-BF4B-00C04F79EFBC}") = "Unity.PlasticSCM.Editor", "Unity.PlasticSCM.Editor.csproj", "{31AB7406-48E0-1B77-68C5-5B844D467CA5}"
EndProject
Project("{FAE04EC0-301F-11D3-BF4B-00C04F79EFBC}") = "Oculus.Platform.Editor", "Oculus.Platform.Editor.csproj", "{C402236F-9A80-8D42-4E1E-8103D826ED7C}"
EndProject
Project("{FAE04EC0-301F-11D3-BF4B-00C04F79EFBC}") = "UnityEditor.UI", "UnityEditor.UI.csproj", "{5B689257-BFEB-67EF-B0DB-BC9F94680D1F}"
EndProject
Project("{FAE04EC0-301F-11D3-BF4B-00C04F79EFBC}") = "Unity.Services.Core.Editor", "Unity.Services.Core.Editor.csproj", "{C9E6CAE1-77EB-0E8A-F3D0-02A596939359}"
EndProject
Project("{FAE04EC0-301F-11D3-BF4B-00C04F79EFBC}") = "Unity.Timeline.Editor", "Unity.Timeline.Editor.csproj", "{8C255642-D801-E95F-CCB2-739599227309}"
EndProject
Project("{FAE04EC0-301F-11D3-BF4B-00C04F79EFBC}") = "Unity.VisualStudio.Editor", "Unity.VisualStudio.Editor.csproj", "{2E9FAB5B-0DB3-ACB0-B6CB-F3B6FC75A986}"
EndProject
Project("{FAE04EC0-301F-11D3-BF4B-00C04F79EFBC}") = "Oculus.AudioManager.Audio.Editor", "Oculus.AudioManager.Audio.Editor.csproj", "{31AF6381-568E-AF68-BFC2-63AF7B70AC72}"
EndProject
Project("{FAE04EC0-301F-11D3-BF4B-00C04F79EFBC}") = "Unity.TextMeshPro.Editor", "Unity.TextMeshPro.Editor.csproj", "{3477A4C3-84F4-4846-FDA7-181780A1DBFC}"
EndProject
Project("{FAE04EC0-301F-11D3-BF4B-00C04F79EFBC}") = "Unity.CollabProxy.Editor", "Unity.CollabProxy.Editor.csproj", "{6087AA06-2FBA-831D-44E0-56CC5C221DC0}"
EndProject
Project("{FAE04EC0-301F-11D3-BF4B-00C04F79EFBC}") = "Unity.Rider.Editor", "Unity.Rider.Editor.csproj", "{8A3DA93B-C087-4DE5-4D84-9A7A311FAFB1}"
EndProject
Project("{FAE04EC0-301F-11D3-BF4B-00C04F79EFBC}") = "Oculus.Interaction.Editor", "Oculus.Interaction.Editor.csproj", "{6DCD512B-A540-B859-AD61-389B610F1FF9}"
EndProject
Project("{FAE04EC0-301F-11D3-BF4B-00C04F79EFBC}") = "Oculus.VR.Scripts.Editor", "Oculus.VR.Scripts.Editor.csproj", "{3F687C69-2A9F-BDFD-0B5C-A19DED7B09F1}"
EndProject
Project("{FAE04EC0-301F-11D3-BF4B-00C04F79EFBC}") = "Facebook.Wit.Editor", "Facebook.Wit.Editor.csproj", "{28425C61-D33B-F35C-A673-193F1D66A833}"
EndProject
Project("{FAE04EC0-301F-11D3-BF4B-00C04F79EFBC}") = "Oculus.Spatializer.Editor", "Oculus.Spatializer.Editor.csproj", "{C115D8E4-B289-19F5-A454-9D3C1065CAA0}"
EndProject
Project("{FAE04EC0-301F-11D3-BF4B-00C04F79EFBC}") = "Oculus.VR.Editor", "Oculus.VR.Editor.csproj", "{2DABC108-D146-C1A1-022F-A21F56E76691}"
EndProject
Project("{FAE04EC0-301F-11D3-BF4B-00C04F79EFBC}") = "UnityEditor.XR.LegacyInputHelpers", "UnityEditor.XR.LegacyInputHelpers.csproj", "{D17503A4-767A-E719-A774-A7892085A9CC}"
EndProject
Project("{FAE04EC0-301F-11D3-BF4B-00C04F79EFBC}") = "Oculus.LipSync.Editor", "Oculus.LipSync.Editor.csproj", "{52BCD132-E6AB-7D47-9B87-E92A4893A7AE}"
EndProject
Project("{FAE04EC0-301F-11D3-BF4B-00C04F79EFBC}") = "Unity.VSCode.Editor", "Unity.VSCode.Editor.csproj", "{AF5AEC25-AFD1-B1B3-EDFB-138AFC79230A}"
EndProject
Project("{FAE04EC0-301F-11D3-BF4B-00C04F79EFBC}") = "Assembly-CSharp-Editor", "Assembly-CSharp-Editor.csproj", "{A47B0ABD-D537-81AD-B3CB-B17E9DE5B96D}"
EndProject
Project("{FAE04EC0-301F-11D3-BF4B-00C04F79EFBC}") = "VoiceSDK.Editor", "VoiceSDK.Editor.csproj", "{7CE38050-FF08-530A-6FA3-F31CF9D486CE}"
EndProject
Project("{FAE04EC0-301F-11D3-BF4B-00C04F79EFBC}") = "UnityEditor.SpatialTracking", "UnityEditor.SpatialTracking.csproj", "{3C1E9DB0-4847-B63F-B7DB-3070BCCCE3F7}"
EndProject
Project("{FAE04EC0-301F-11D3-BF4B-00C04F79EFBC}") = "AssistantCoreSDKEditor", "AssistantCoreSDKEditor.csproj", "{95DCFB02-F390-AEB2-BB40-1D7C234E4FCF}"
EndProject
Project("{FAE04EC0-301F-11D3-BF4B-00C04F79EFBC}") = "Unity.XR.Oculus.Editor", "Unity.XR.Oculus.Editor.csproj", "{5E7F061E-F627-EE9F-6EAE-6A941685C98E}"
EndProject
Project("{FAE04EC0-301F-11D3-BF4B-00C04F79EFBC}") = "Oculus.AudioManager.Utils.Editor", "Oculus.AudioManager.Utils.Editor.csproj", "{3408D90D-0676-453B-04A8-4341A426E4A5}"
EndProject
Project("{FAE04EC0-301F-11D3-BF4B-00C04F79EFBC}") = "Oculus.Interaction.InterfaceSupport", "Oculus.Interaction.InterfaceSupport.csproj", "{9D6A92B1-BB27-AE2C-D8F3-C433A3305016}"
EndProject
Project("{FAE04EC0-301F-11D3-BF4B-00C04F79EFBC}") = "UnityEngine.UI", "UnityEngine.UI.Player.csproj", "{40809908-BFBF-2D0D-8A2E-2B41F29DCB4C}"
EndProject
Project("{FAE04EC0-301F-11D3-BF4B-00C04F79EFBC}") = "Oculus.Platform", "Oculus.Platform.Player.csproj", "{B271F8EC-2D42-913A-6731-EFDD69F6BD06}"
EndProject
Project("{FAE04EC0-301F-11D3-BF4B-00C04F79EFBC}") = "Assembly-CSharp", "Assembly-CSharp.Player.csproj", "{757590F6-4EE1-6D18-57D8-03D0C6BF1870}"
EndProject
Project("{FAE04EC0-301F-11D3-BF4B-00C04F79EFBC}") = "UnityEngine.TestRunner", "UnityEngine.TestRunner.Player.csproj", "{723340F4-2ECF-0C60-F3E2-21DAEB50679B}"
EndProject
Project("{FAE04EC0-301F-11D3-BF4B-00C04F79EFBC}") = "UnityEngine.XR.LegacyInputHelpers", "UnityEngine.XR.LegacyInputHelpers.Player.csproj", "{9077F6DB-8593-37F4-18D2-414B43EAE17C}"
EndProject
Project("{FAE04EC0-301F-11D3-BF4B-00C04F79EFBC}") = "Oculus.Interaction", "Oculus.Interaction.Player.csproj", "{2CBA1929-043A-54F3-6E59-F99285F83E10}"
EndProject
Project("{FAE04EC0-301F-11D3-BF4B-00C04F79EFBC}") = "Oculus.Spatializer", "Oculus.Spatializer.Player.csproj", "{03FBBEB2-D70A-2F6F-380E-960F69D567FD}"
EndProject
Project("{FAE04EC0-301F-11D3-BF4B-00C04F79EFBC}") = "Unity.Timeline", "Unity.Timeline.Player.csproj", "{77D79877-D22E-08D5-B97A-17F81FDCF63F}"
EndProject
Project("{FAE04EC0-301F-11D3-BF4B-00C04F79EFBC}") = "Polyperfect.Animals", "Polyperfect.Animals.Player.csproj", "{CEA15E7D-CAA2-A59E-77C3-EC0CF4CF94F6}"
EndProject
Project("{FAE04EC0-301F-11D3-BF4B-00C04F79EFBC}") = "Facebook.WitAI", "Facebook.WitAI.Player.csproj", "{86E009DC-F592-A932-414A-F98D3E647821}"
EndProject
Project("{FAE04EC0-301F-11D3-BF4B-00C04F79EFBC}") = "Unity.TextMeshPro", "Unity.TextMeshPro.Player.csproj", "{984977DE-B0C8-9BE0-9C52-33FB178670A3}"
EndProject
Project("{FAE04EC0-301F-11D3-BF4B-00C04F79EFBC}") = "Unity.XR.Oculus", "Unity.XR.Oculus.Player.csproj", "{73E7C5F7-83CB-CC7D-9939-95ACC357C7CB}"
EndProject
Project("{FAE04EC0-301F-11D3-BF4B-00C04F79EFBC}") = "Oculus.AudioManager", "Oculus.AudioManager.Player.csproj", "{52039958-46BF-B0E2-B874-215D3D73EBE5}"
EndProject
Project("{FAE04EC0-301F-11D3-BF4B-00C04F79EFBC}") = "Unity.XR.Management", "Unity.XR.Management.Player.csproj", "{62C12BAC-59D9-C6B7-D0CC-016AAADE7CDE}"
EndProject
Project("{FAE04EC0-301F-11D3-BF4B-00C04F79EFBC}") = "Oculus.VR", "Oculus.VR.Player.csproj", "{58C8D3C6-3DE0-5875-06B9-510BFF22A38E}"
EndProject
Project("{FAE04EC0-301F-11D3-BF4B-00C04F79EFBC}") = "Polyperfect.Common", "Polyperfect.Common.Player.csproj", "{EDAE1F69-3D4F-C5FC-5499-4961A949A977}"
EndProject
Project("{FAE04EC0-301F-11D3-BF4B-00C04F79EFBC}") = "Oculus.Interaction.Samples", "Oculus.Interaction.Samples.Player.csproj", "{0DEE5AE2-A34F-E508-4DB2-4C50A5F58662}"
EndProject
Project("{FAE04EC0-301F-11D3-BF4B-00C04F79EFBC}") = "VoiceSDK.Runtime", "VoiceSDK.Runtime.Player.csproj", "{09B4A86D-DB60-7E72-95FA-D4AD5337235C}"
EndProject
Project("{FAE04EC0-301F-11D3-BF4B-00C04F79EFBC}") = "AssistantCoreSDKRuntime", "AssistantCoreSDKRuntime.Player.csproj", "{B275C54F-B31D-386F-8BAD-449B03B20FCA}"
EndProject
Project("{FAE04EC0-301F-11D3-BF4B-00C04F79EFBC}") = "Oculus.LipSync", "Oculus.LipSync.Player.csproj", "{75B36806-E27E-13B8-B76E-6DCBE4F81DC6}"
EndProject
Project("{FAE04EC0-301F-11D3-BF4B-00C04F79EFBC}") = "Unity.Subsystem.Registration", "Unity.Subsystem.Registration.Player.csproj", "{38F48969-3BE4-7001-2042-AB0EB3748685}"
EndProject
Project("{FAE04EC0-301F-11D3-BF4B-00C04F79EFBC}") = "UnityEngine.SpatialTracking", "UnityEngine.SpatialTracking.Player.csproj", "{9460123B-8634-C502-7CBD-AF6CA9D02E8D}"
EndProject
Global
	GlobalSection(SolutionConfigurationPlatforms) = preSolution
		Debug|Any CPU = Debug|Any CPU
		Release|Any CPU = Release|Any CPU
	EndGlobalSection
	GlobalSection(ProjectConfigurationPlatforms) = postSolution
		{4597EC6D-15D8-52A4-9634-86790B11DDB7}.Debug|Any CPU.ActiveCfg = Debug|Any CPU
		{4597EC6D-15D8-52A4-9634-86790B11DDB7}.Debug|Any CPU.Build.0 = Debug|Any CPU
		{4597EC6D-15D8-52A4-9634-86790B11DDB7}.Release|Any CPU.ActiveCfg = Release|Any CPU
		{4597EC6D-15D8-52A4-9634-86790B11DDB7}.Release|Any CPU.Build.0 = Release|Any CPU
		{9731C4CE-D169-C900-234A-C7B621E867FD}.Debug|Any CPU.ActiveCfg = Debug|Any CPU
		{9731C4CE-D169-C900-234A-C7B621E867FD}.Debug|Any CPU.Build.0 = Debug|Any CPU
		{9731C4CE-D169-C900-234A-C7B621E867FD}.Release|Any CPU.ActiveCfg = Release|Any CPU
		{9731C4CE-D169-C900-234A-C7B621E867FD}.Release|Any CPU.Build.0 = Release|Any CPU
		{D667A3B4-58C8-4FCE-A88F-6D952ECF9E01}.Debug|Any CPU.ActiveCfg = Debug|Any CPU
		{D667A3B4-58C8-4FCE-A88F-6D952ECF9E01}.Debug|Any CPU.Build.0 = Debug|Any CPU
		{D667A3B4-58C8-4FCE-A88F-6D952ECF9E01}.Release|Any CPU.ActiveCfg = Release|Any CPU
		{D667A3B4-58C8-4FCE-A88F-6D952ECF9E01}.Release|Any CPU.Build.0 = Release|Any CPU
		{6E24084A-11A2-DD6F-FB18-468F97352315}.Debug|Any CPU.ActiveCfg = Debug|Any CPU
		{6E24084A-11A2-DD6F-FB18-468F97352315}.Debug|Any CPU.Build.0 = Debug|Any CPU
		{6E24084A-11A2-DD6F-FB18-468F97352315}.Release|Any CPU.ActiveCfg = Release|Any CPU
		{6E24084A-11A2-DD6F-FB18-468F97352315}.Release|Any CPU.Build.0 = Release|Any CPU
		{D53D70D5-2EFF-4242-1A37-C7365A93D4AD}.Debug|Any CPU.ActiveCfg = Debug|Any CPU
		{D53D70D5-2EFF-4242-1A37-C7365A93D4AD}.Debug|Any CPU.Build.0 = Debug|Any CPU
		{D53D70D5-2EFF-4242-1A37-C7365A93D4AD}.Release|Any CPU.ActiveCfg = Release|Any CPU
		{D53D70D5-2EFF-4242-1A37-C7365A93D4AD}.Release|Any CPU.Build.0 = Release|Any CPU
		{C648DB66-9D1D-D2F4-CC1E-77F3F46A2BD8}.Debug|Any CPU.ActiveCfg = Debug|Any CPU
		{C648DB66-9D1D-D2F4-CC1E-77F3F46A2BD8}.Debug|Any CPU.Build.0 = Debug|Any CPU
		{C648DB66-9D1D-D2F4-CC1E-77F3F46A2BD8}.Release|Any CPU.ActiveCfg = Release|Any CPU
		{C648DB66-9D1D-D2F4-CC1E-77F3F46A2BD8}.Release|Any CPU.Build.0 = Release|Any CPU
		{3E693693-2623-1E7B-1819-7C6C85D0AD18}.Debug|Any CPU.ActiveCfg = Debug|Any CPU
		{3E693693-2623-1E7B-1819-7C6C85D0AD18}.Debug|Any CPU.Build.0 = Debug|Any CPU
		{3E693693-2623-1E7B-1819-7C6C85D0AD18}.Release|Any CPU.ActiveCfg = Release|Any CPU
		{3E693693-2623-1E7B-1819-7C6C85D0AD18}.Release|Any CPU.Build.0 = Release|Any CPU
		{B6E47412-160D-E47D-11A6-A3C81C04450C}.Debug|Any CPU.ActiveCfg = Debug|Any CPU
		{B6E47412-160D-E47D-11A6-A3C81C04450C}.Debug|Any CPU.Build.0 = Debug|Any CPU
		{B6E47412-160D-E47D-11A6-A3C81C04450C}.Release|Any CPU.ActiveCfg = Release|Any CPU
		{B6E47412-160D-E47D-11A6-A3C81C04450C}.Release|Any CPU.Build.0 = Release|Any CPU
		{F075027D-D147-9ACA-2102-CAE8D0F7F3EE}.Debug|Any CPU.ActiveCfg = Debug|Any CPU
		{F075027D-D147-9ACA-2102-CAE8D0F7F3EE}.Debug|Any CPU.Build.0 = Debug|Any CPU
		{F075027D-D147-9ACA-2102-CAE8D0F7F3EE}.Release|Any CPU.ActiveCfg = Release|Any CPU
		{F075027D-D147-9ACA-2102-CAE8D0F7F3EE}.Release|Any CPU.Build.0 = Release|Any CPU
		{B90B2AA0-27D8-4753-FBE1-B7EE148CD399}.Debug|Any CPU.ActiveCfg = Debug|Any CPU
		{B90B2AA0-27D8-4753-FBE1-B7EE148CD399}.Debug|Any CPU.Build.0 = Debug|Any CPU
		{B90B2AA0-27D8-4753-FBE1-B7EE148CD399}.Release|Any CPU.ActiveCfg = Release|Any CPU
		{B90B2AA0-27D8-4753-FBE1-B7EE148CD399}.Release|Any CPU.Build.0 = Release|Any CPU
		{BF352A5F-EAA2-F54A-3488-7B75630EBA2C}.Debug|Any CPU.ActiveCfg = Debug|Any CPU
		{BF352A5F-EAA2-F54A-3488-7B75630EBA2C}.Debug|Any CPU.Build.0 = Debug|Any CPU
		{BF352A5F-EAA2-F54A-3488-7B75630EBA2C}.Release|Any CPU.ActiveCfg = Release|Any CPU
		{BF352A5F-EAA2-F54A-3488-7B75630EBA2C}.Release|Any CPU.Build.0 = Release|Any CPU
		{7F6DC5C8-069B-D012-0073-4DC1AA6C7A8F}.Debug|Any CPU.ActiveCfg = Debug|Any CPU
		{7F6DC5C8-069B-D012-0073-4DC1AA6C7A8F}.Debug|Any CPU.Build.0 = Debug|Any CPU
		{7F6DC5C8-069B-D012-0073-4DC1AA6C7A8F}.Release|Any CPU.ActiveCfg = Release|Any CPU
		{7F6DC5C8-069B-D012-0073-4DC1AA6C7A8F}.Release|Any CPU.Build.0 = Release|Any CPU
		{3E8A56D6-6D5C-B965-5349-30B8131F04EC}.Debug|Any CPU.ActiveCfg = Debug|Any CPU
		{3E8A56D6-6D5C-B965-5349-30B8131F04EC}.Debug|Any CPU.Build.0 = Debug|Any CPU
		{3E8A56D6-6D5C-B965-5349-30B8131F04EC}.Release|Any CPU.ActiveCfg = Release|Any CPU
		{3E8A56D6-6D5C-B965-5349-30B8131F04EC}.Release|Any CPU.Build.0 = Release|Any CPU
		{7B199AC9-3054-0559-AB1B-89466013AB5C}.Debug|Any CPU.ActiveCfg = Debug|Any CPU
		{7B199AC9-3054-0559-AB1B-89466013AB5C}.Debug|Any CPU.Build.0 = Debug|Any CPU
		{7B199AC9-3054-0559-AB1B-89466013AB5C}.Release|Any CPU.ActiveCfg = Release|Any CPU
		{7B199AC9-3054-0559-AB1B-89466013AB5C}.Release|Any CPU.Build.0 = Release|Any CPU
		{085E1AA2-6517-52F5-05B8-C7060B5CF042}.Debug|Any CPU.ActiveCfg = Debug|Any CPU
		{085E1AA2-6517-52F5-05B8-C7060B5CF042}.Debug|Any CPU.Build.0 = Debug|Any CPU
		{085E1AA2-6517-52F5-05B8-C7060B5CF042}.Release|Any CPU.ActiveCfg = Release|Any CPU
		{085E1AA2-6517-52F5-05B8-C7060B5CF042}.Release|Any CPU.Build.0 = Release|Any CPU
		{9BFAAFFA-6A0C-43E8-7B49-9EAD3C331AAA}.Debug|Any CPU.ActiveCfg = Debug|Any CPU
		{9BFAAFFA-6A0C-43E8-7B49-9EAD3C331AAA}.Debug|Any CPU.Build.0 = Debug|Any CPU
		{9BFAAFFA-6A0C-43E8-7B49-9EAD3C331AAA}.Release|Any CPU.ActiveCfg = Release|Any CPU
		{9BFAAFFA-6A0C-43E8-7B49-9EAD3C331AAA}.Release|Any CPU.Build.0 = Release|Any CPU
		{2217B499-D1DC-47B2-8D90-7E35F7C1666A}.Debug|Any CPU.ActiveCfg = Debug|Any CPU
		{2217B499-D1DC-47B2-8D90-7E35F7C1666A}.Debug|Any CPU.Build.0 = Debug|Any CPU
		{2217B499-D1DC-47B2-8D90-7E35F7C1666A}.Release|Any CPU.ActiveCfg = Release|Any CPU
		{2217B499-D1DC-47B2-8D90-7E35F7C1666A}.Release|Any CPU.Build.0 = Release|Any CPU
		{81F185BE-F5C2-AC58-B381-CB08FF49CFAE}.Debug|Any CPU.ActiveCfg = Debug|Any CPU
		{81F185BE-F5C2-AC58-B381-CB08FF49CFAE}.Debug|Any CPU.Build.0 = Debug|Any CPU
		{81F185BE-F5C2-AC58-B381-CB08FF49CFAE}.Release|Any CPU.ActiveCfg = Release|Any CPU
		{81F185BE-F5C2-AC58-B381-CB08FF49CFAE}.Release|Any CPU.Build.0 = Release|Any CPU
		{798A874F-02C7-0D43-43C3-CAB5BEE38321}.Debug|Any CPU.ActiveCfg = Debug|Any CPU
		{798A874F-02C7-0D43-43C3-CAB5BEE38321}.Debug|Any CPU.Build.0 = Debug|Any CPU
		{798A874F-02C7-0D43-43C3-CAB5BEE38321}.Release|Any CPU.ActiveCfg = Release|Any CPU
		{798A874F-02C7-0D43-43C3-CAB5BEE38321}.Release|Any CPU.Build.0 = Release|Any CPU
		{3D1B8D70-ECD6-C3BF-9681-C9D82381B350}.Debug|Any CPU.ActiveCfg = Debug|Any CPU
		{3D1B8D70-ECD6-C3BF-9681-C9D82381B350}.Debug|Any CPU.Build.0 = Debug|Any CPU
		{3D1B8D70-ECD6-C3BF-9681-C9D82381B350}.Release|Any CPU.ActiveCfg = Release|Any CPU
		{3D1B8D70-ECD6-C3BF-9681-C9D82381B350}.Release|Any CPU.Build.0 = Release|Any CPU
		{0DF36447-18C3-71FB-78C6-092A1BAD6103}.Debug|Any CPU.ActiveCfg = Debug|Any CPU
		{0DF36447-18C3-71FB-78C6-092A1BAD6103}.Debug|Any CPU.Build.0 = Debug|Any CPU
		{0DF36447-18C3-71FB-78C6-092A1BAD6103}.Release|Any CPU.ActiveCfg = Release|Any CPU
		{0DF36447-18C3-71FB-78C6-092A1BAD6103}.Release|Any CPU.Build.0 = Release|Any CPU
		{9E4E8A88-DC69-243B-EAD3-1FC86D1BE91C}.Debug|Any CPU.ActiveCfg = Debug|Any CPU
		{9E4E8A88-DC69-243B-EAD3-1FC86D1BE91C}.Debug|Any CPU.Build.0 = Debug|Any CPU
		{9E4E8A88-DC69-243B-EAD3-1FC86D1BE91C}.Release|Any CPU.ActiveCfg = Release|Any CPU
		{9E4E8A88-DC69-243B-EAD3-1FC86D1BE91C}.Release|Any CPU.Build.0 = Release|Any CPU
		{3625644F-0268-0C3C-E2E0-4D9D72EA6173}.Debug|Any CPU.ActiveCfg = Debug|Any CPU
		{3625644F-0268-0C3C-E2E0-4D9D72EA6173}.Debug|Any CPU.Build.0 = Debug|Any CPU
		{3625644F-0268-0C3C-E2E0-4D9D72EA6173}.Release|Any CPU.ActiveCfg = Release|Any CPU
		{3625644F-0268-0C3C-E2E0-4D9D72EA6173}.Release|Any CPU.Build.0 = Release|Any CPU
		{0829850F-8917-DB0E-93CA-68DC68891159}.Debug|Any CPU.ActiveCfg = Debug|Any CPU
		{0829850F-8917-DB0E-93CA-68DC68891159}.Debug|Any CPU.Build.0 = Debug|Any CPU
		{0829850F-8917-DB0E-93CA-68DC68891159}.Release|Any CPU.ActiveCfg = Release|Any CPU
		{0829850F-8917-DB0E-93CA-68DC68891159}.Release|Any CPU.Build.0 = Release|Any CPU
		{31AB7406-48E0-1B77-68C5-5B844D467CA5}.Debug|Any CPU.ActiveCfg = Debug|Any CPU
		{31AB7406-48E0-1B77-68C5-5B844D467CA5}.Debug|Any CPU.Build.0 = Debug|Any CPU
		{31AB7406-48E0-1B77-68C5-5B844D467CA5}.Release|Any CPU.ActiveCfg = Release|Any CPU
		{31AB7406-48E0-1B77-68C5-5B844D467CA5}.Release|Any CPU.Build.0 = Release|Any CPU
		{C402236F-9A80-8D42-4E1E-8103D826ED7C}.Debug|Any CPU.ActiveCfg = Debug|Any CPU
		{C402236F-9A80-8D42-4E1E-8103D826ED7C}.Debug|Any CPU.Build.0 = Debug|Any CPU
		{C402236F-9A80-8D42-4E1E-8103D826ED7C}.Release|Any CPU.ActiveCfg = Release|Any CPU
		{C402236F-9A80-8D42-4E1E-8103D826ED7C}.Release|Any CPU.Build.0 = Release|Any CPU
		{5B689257-BFEB-67EF-B0DB-BC9F94680D1F}.Debug|Any CPU.ActiveCfg = Debug|Any CPU
		{5B689257-BFEB-67EF-B0DB-BC9F94680D1F}.Debug|Any CPU.Build.0 = Debug|Any CPU
		{5B689257-BFEB-67EF-B0DB-BC9F94680D1F}.Release|Any CPU.ActiveCfg = Release|Any CPU
		{5B689257-BFEB-67EF-B0DB-BC9F94680D1F}.Release|Any CPU.Build.0 = Release|Any CPU
		{C9E6CAE1-77EB-0E8A-F3D0-02A596939359}.Debug|Any CPU.ActiveCfg = Debug|Any CPU
		{C9E6CAE1-77EB-0E8A-F3D0-02A596939359}.Debug|Any CPU.Build.0 = Debug|Any CPU
		{C9E6CAE1-77EB-0E8A-F3D0-02A596939359}.Release|Any CPU.ActiveCfg = Release|Any CPU
		{C9E6CAE1-77EB-0E8A-F3D0-02A596939359}.Release|Any CPU.Build.0 = Release|Any CPU
		{8C255642-D801-E95F-CCB2-739599227309}.Debug|Any CPU.ActiveCfg = Debug|Any CPU
		{8C255642-D801-E95F-CCB2-739599227309}.Debug|Any CPU.Build.0 = Debug|Any CPU
		{8C255642-D801-E95F-CCB2-739599227309}.Release|Any CPU.ActiveCfg = Release|Any CPU
		{8C255642-D801-E95F-CCB2-739599227309}.Release|Any CPU.Build.0 = Release|Any CPU
		{2E9FAB5B-0DB3-ACB0-B6CB-F3B6FC75A986}.Debug|Any CPU.ActiveCfg = Debug|Any CPU
		{2E9FAB5B-0DB3-ACB0-B6CB-F3B6FC75A986}.Debug|Any CPU.Build.0 = Debug|Any CPU
		{2E9FAB5B-0DB3-ACB0-B6CB-F3B6FC75A986}.Release|Any CPU.ActiveCfg = Release|Any CPU
		{2E9FAB5B-0DB3-ACB0-B6CB-F3B6FC75A986}.Release|Any CPU.Build.0 = Release|Any CPU
		{31AF6381-568E-AF68-BFC2-63AF7B70AC72}.Debug|Any CPU.ActiveCfg = Debug|Any CPU
		{31AF6381-568E-AF68-BFC2-63AF7B70AC72}.Debug|Any CPU.Build.0 = Debug|Any CPU
		{31AF6381-568E-AF68-BFC2-63AF7B70AC72}.Release|Any CPU.ActiveCfg = Release|Any CPU
		{31AF6381-568E-AF68-BFC2-63AF7B70AC72}.Release|Any CPU.Build.0 = Release|Any CPU
		{3477A4C3-84F4-4846-FDA7-181780A1DBFC}.Debug|Any CPU.ActiveCfg = Debug|Any CPU
		{3477A4C3-84F4-4846-FDA7-181780A1DBFC}.Debug|Any CPU.Build.0 = Debug|Any CPU
		{3477A4C3-84F4-4846-FDA7-181780A1DBFC}.Release|Any CPU.ActiveCfg = Release|Any CPU
		{3477A4C3-84F4-4846-FDA7-181780A1DBFC}.Release|Any CPU.Build.0 = Release|Any CPU
		{6087AA06-2FBA-831D-44E0-56CC5C221DC0}.Debug|Any CPU.ActiveCfg = Debug|Any CPU
		{6087AA06-2FBA-831D-44E0-56CC5C221DC0}.Debug|Any CPU.Build.0 = Debug|Any CPU
		{6087AA06-2FBA-831D-44E0-56CC5C221DC0}.Release|Any CPU.ActiveCfg = Release|Any CPU
		{6087AA06-2FBA-831D-44E0-56CC5C221DC0}.Release|Any CPU.Build.0 = Release|Any CPU
		{8A3DA93B-C087-4DE5-4D84-9A7A311FAFB1}.Debug|Any CPU.ActiveCfg = Debug|Any CPU
		{8A3DA93B-C087-4DE5-4D84-9A7A311FAFB1}.Debug|Any CPU.Build.0 = Debug|Any CPU
		{8A3DA93B-C087-4DE5-4D84-9A7A311FAFB1}.Release|Any CPU.ActiveCfg = Release|Any CPU
		{8A3DA93B-C087-4DE5-4D84-9A7A311FAFB1}.Release|Any CPU.Build.0 = Release|Any CPU
		{6DCD512B-A540-B859-AD61-389B610F1FF9}.Debug|Any CPU.ActiveCfg = Debug|Any CPU
		{6DCD512B-A540-B859-AD61-389B610F1FF9}.Debug|Any CPU.Build.0 = Debug|Any CPU
		{6DCD512B-A540-B859-AD61-389B610F1FF9}.Release|Any CPU.ActiveCfg = Release|Any CPU
		{6DCD512B-A540-B859-AD61-389B610F1FF9}.Release|Any CPU.Build.0 = Release|Any CPU
		{3F687C69-2A9F-BDFD-0B5C-A19DED7B09F1}.Debug|Any CPU.ActiveCfg = Debug|Any CPU
		{3F687C69-2A9F-BDFD-0B5C-A19DED7B09F1}.Debug|Any CPU.Build.0 = Debug|Any CPU
		{3F687C69-2A9F-BDFD-0B5C-A19DED7B09F1}.Release|Any CPU.ActiveCfg = Release|Any CPU
		{3F687C69-2A9F-BDFD-0B5C-A19DED7B09F1}.Release|Any CPU.Build.0 = Release|Any CPU
		{28425C61-D33B-F35C-A673-193F1D66A833}.Debug|Any CPU.ActiveCfg = Debug|Any CPU
		{28425C61-D33B-F35C-A673-193F1D66A833}.Debug|Any CPU.Build.0 = Debug|Any CPU
		{28425C61-D33B-F35C-A673-193F1D66A833}.Release|Any CPU.ActiveCfg = Release|Any CPU
		{28425C61-D33B-F35C-A673-193F1D66A833}.Release|Any CPU.Build.0 = Release|Any CPU
		{C115D8E4-B289-19F5-A454-9D3C1065CAA0}.Debug|Any CPU.ActiveCfg = Debug|Any CPU
		{C115D8E4-B289-19F5-A454-9D3C1065CAA0}.Debug|Any CPU.Build.0 = Debug|Any CPU
		{C115D8E4-B289-19F5-A454-9D3C1065CAA0}.Release|Any CPU.ActiveCfg = Release|Any CPU
		{C115D8E4-B289-19F5-A454-9D3C1065CAA0}.Release|Any CPU.Build.0 = Release|Any CPU
		{2DABC108-D146-C1A1-022F-A21F56E76691}.Debug|Any CPU.ActiveCfg = Debug|Any CPU
		{2DABC108-D146-C1A1-022F-A21F56E76691}.Debug|Any CPU.Build.0 = Debug|Any CPU
		{2DABC108-D146-C1A1-022F-A21F56E76691}.Release|Any CPU.ActiveCfg = Release|Any CPU
		{2DABC108-D146-C1A1-022F-A21F56E76691}.Release|Any CPU.Build.0 = Release|Any CPU
		{D17503A4-767A-E719-A774-A7892085A9CC}.Debug|Any CPU.ActiveCfg = Debug|Any CPU
		{D17503A4-767A-E719-A774-A7892085A9CC}.Debug|Any CPU.Build.0 = Debug|Any CPU
		{D17503A4-767A-E719-A774-A7892085A9CC}.Release|Any CPU.ActiveCfg = Release|Any CPU
		{D17503A4-767A-E719-A774-A7892085A9CC}.Release|Any CPU.Build.0 = Release|Any CPU
		{52BCD132-E6AB-7D47-9B87-E92A4893A7AE}.Debug|Any CPU.ActiveCfg = Debug|Any CPU
		{52BCD132-E6AB-7D47-9B87-E92A4893A7AE}.Debug|Any CPU.Build.0 = Debug|Any CPU
		{52BCD132-E6AB-7D47-9B87-E92A4893A7AE}.Release|Any CPU.ActiveCfg = Release|Any CPU
		{52BCD132-E6AB-7D47-9B87-E92A4893A7AE}.Release|Any CPU.Build.0 = Release|Any CPU
		{AF5AEC25-AFD1-B1B3-EDFB-138AFC79230A}.Debug|Any CPU.ActiveCfg = Debug|Any CPU
		{AF5AEC25-AFD1-B1B3-EDFB-138AFC79230A}.Debug|Any CPU.Build.0 = Debug|Any CPU
		{AF5AEC25-AFD1-B1B3-EDFB-138AFC79230A}.Release|Any CPU.ActiveCfg = Release|Any CPU
		{AF5AEC25-AFD1-B1B3-EDFB-138AFC79230A}.Release|Any CPU.Build.0 = Release|Any CPU
		{A47B0ABD-D537-81AD-B3CB-B17E9DE5B96D}.Debug|Any CPU.ActiveCfg = Debug|Any CPU
		{A47B0ABD-D537-81AD-B3CB-B17E9DE5B96D}.Debug|Any CPU.Build.0 = Debug|Any CPU
		{A47B0ABD-D537-81AD-B3CB-B17E9DE5B96D}.Release|Any CPU.ActiveCfg = Release|Any CPU
		{A47B0ABD-D537-81AD-B3CB-B17E9DE5B96D}.Release|Any CPU.Build.0 = Release|Any CPU
		{7CE38050-FF08-530A-6FA3-F31CF9D486CE}.Debug|Any CPU.ActiveCfg = Debug|Any CPU
		{7CE38050-FF08-530A-6FA3-F31CF9D486CE}.Debug|Any CPU.Build.0 = Debug|Any CPU
		{7CE38050-FF08-530A-6FA3-F31CF9D486CE}.Release|Any CPU.ActiveCfg = Release|Any CPU
		{7CE38050-FF08-530A-6FA3-F31CF9D486CE}.Release|Any CPU.Build.0 = Release|Any CPU
		{3C1E9DB0-4847-B63F-B7DB-3070BCCCE3F7}.Debug|Any CPU.ActiveCfg = Debug|Any CPU
		{3C1E9DB0-4847-B63F-B7DB-3070BCCCE3F7}.Debug|Any CPU.Build.0 = Debug|Any CPU
		{3C1E9DB0-4847-B63F-B7DB-3070BCCCE3F7}.Release|Any CPU.ActiveCfg = Release|Any CPU
		{3C1E9DB0-4847-B63F-B7DB-3070BCCCE3F7}.Release|Any CPU.Build.0 = Release|Any CPU
		{95DCFB02-F390-AEB2-BB40-1D7C234E4FCF}.Debug|Any CPU.ActiveCfg = Debug|Any CPU
		{95DCFB02-F390-AEB2-BB40-1D7C234E4FCF}.Debug|Any CPU.Build.0 = Debug|Any CPU
		{95DCFB02-F390-AEB2-BB40-1D7C234E4FCF}.Release|Any CPU.ActiveCfg = Release|Any CPU
		{95DCFB02-F390-AEB2-BB40-1D7C234E4FCF}.Release|Any CPU.Build.0 = Release|Any CPU
		{5E7F061E-F627-EE9F-6EAE-6A941685C98E}.Debug|Any CPU.ActiveCfg = Debug|Any CPU
		{5E7F061E-F627-EE9F-6EAE-6A941685C98E}.Debug|Any CPU.Build.0 = Debug|Any CPU
		{5E7F061E-F627-EE9F-6EAE-6A941685C98E}.Release|Any CPU.ActiveCfg = Release|Any CPU
		{5E7F061E-F627-EE9F-6EAE-6A941685C98E}.Release|Any CPU.Build.0 = Release|Any CPU
		{3408D90D-0676-453B-04A8-4341A426E4A5}.Debug|Any CPU.ActiveCfg = Debug|Any CPU
		{3408D90D-0676-453B-04A8-4341A426E4A5}.Debug|Any CPU.Build.0 = Debug|Any CPU
		{3408D90D-0676-453B-04A8-4341A426E4A5}.Release|Any CPU.ActiveCfg = Release|Any CPU
		{3408D90D-0676-453B-04A8-4341A426E4A5}.Release|Any CPU.Build.0 = Release|Any CPU
		{9D6A92B1-BB27-AE2C-D8F3-C433A3305016}.Debug|Any CPU.ActiveCfg = Debug|Any CPU
		{9D6A92B1-BB27-AE2C-D8F3-C433A3305016}.Debug|Any CPU.Build.0 = Debug|Any CPU
		{9D6A92B1-BB27-AE2C-D8F3-C433A3305016}.Release|Any CPU.ActiveCfg = Release|Any CPU
		{9D6A92B1-BB27-AE2C-D8F3-C433A3305016}.Release|Any CPU.Build.0 = Release|Any CPU
		{40809908-BFBF-2D0D-8A2E-2B41F29DCB4C}.Debug|Any CPU.ActiveCfg = Debug|Any CPU
		{40809908-BFBF-2D0D-8A2E-2B41F29DCB4C}.Debug|Any CPU.Build.0 = Debug|Any CPU
		{40809908-BFBF-2D0D-8A2E-2B41F29DCB4C}.Release|Any CPU.ActiveCfg = Release|Any CPU
		{40809908-BFBF-2D0D-8A2E-2B41F29DCB4C}.Release|Any CPU.Build.0 = Release|Any CPU
		{B271F8EC-2D42-913A-6731-EFDD69F6BD06}.Debug|Any CPU.ActiveCfg = Debug|Any CPU
		{B271F8EC-2D42-913A-6731-EFDD69F6BD06}.Debug|Any CPU.Build.0 = Debug|Any CPU
		{B271F8EC-2D42-913A-6731-EFDD69F6BD06}.Release|Any CPU.ActiveCfg = Release|Any CPU
		{B271F8EC-2D42-913A-6731-EFDD69F6BD06}.Release|Any CPU.Build.0 = Release|Any CPU
		{757590F6-4EE1-6D18-57D8-03D0C6BF1870}.Debug|Any CPU.ActiveCfg = Debug|Any CPU
		{757590F6-4EE1-6D18-57D8-03D0C6BF1870}.Debug|Any CPU.Build.0 = Debug|Any CPU
		{757590F6-4EE1-6D18-57D8-03D0C6BF1870}.Release|Any CPU.ActiveCfg = Release|Any CPU
		{757590F6-4EE1-6D18-57D8-03D0C6BF1870}.Release|Any CPU.Build.0 = Release|Any CPU
		{723340F4-2ECF-0C60-F3E2-21DAEB50679B}.Debug|Any CPU.ActiveCfg = Debug|Any CPU
		{723340F4-2ECF-0C60-F3E2-21DAEB50679B}.Debug|Any CPU.Build.0 = Debug|Any CPU
		{723340F4-2ECF-0C60-F3E2-21DAEB50679B}.Release|Any CPU.ActiveCfg = Release|Any CPU
		{723340F4-2ECF-0C60-F3E2-21DAEB50679B}.Release|Any CPU.Build.0 = Release|Any CPU
		{9077F6DB-8593-37F4-18D2-414B43EAE17C}.Debug|Any CPU.ActiveCfg = Debug|Any CPU
		{9077F6DB-8593-37F4-18D2-414B43EAE17C}.Debug|Any CPU.Build.0 = Debug|Any CPU
		{9077F6DB-8593-37F4-18D2-414B43EAE17C}.Release|Any CPU.ActiveCfg = Release|Any CPU
		{9077F6DB-8593-37F4-18D2-414B43EAE17C}.Release|Any CPU.Build.0 = Release|Any CPU
		{2CBA1929-043A-54F3-6E59-F99285F83E10}.Debug|Any CPU.ActiveCfg = Debug|Any CPU
		{2CBA1929-043A-54F3-6E59-F99285F83E10}.Debug|Any CPU.Build.0 = Debug|Any CPU
		{2CBA1929-043A-54F3-6E59-F99285F83E10}.Release|Any CPU.ActiveCfg = Release|Any CPU
		{2CBA1929-043A-54F3-6E59-F99285F83E10}.Release|Any CPU.Build.0 = Release|Any CPU
		{03FBBEB2-D70A-2F6F-380E-960F69D567FD}.Debug|Any CPU.ActiveCfg = Debug|Any CPU
		{03FBBEB2-D70A-2F6F-380E-960F69D567FD}.Debug|Any CPU.Build.0 = Debug|Any CPU
		{03FBBEB2-D70A-2F6F-380E-960F69D567FD}.Release|Any CPU.ActiveCfg = Release|Any CPU
		{03FBBEB2-D70A-2F6F-380E-960F69D567FD}.Release|Any CPU.Build.0 = Release|Any CPU
		{77D79877-D22E-08D5-B97A-17F81FDCF63F}.Debug|Any CPU.ActiveCfg = Debug|Any CPU
		{77D79877-D22E-08D5-B97A-17F81FDCF63F}.Debug|Any CPU.Build.0 = Debug|Any CPU
		{77D79877-D22E-08D5-B97A-17F81FDCF63F}.Release|Any CPU.ActiveCfg = Release|Any CPU
		{77D79877-D22E-08D5-B97A-17F81FDCF63F}.Release|Any CPU.Build.0 = Release|Any CPU
		{CEA15E7D-CAA2-A59E-77C3-EC0CF4CF94F6}.Debug|Any CPU.ActiveCfg = Debug|Any CPU
		{CEA15E7D-CAA2-A59E-77C3-EC0CF4CF94F6}.Debug|Any CPU.Build.0 = Debug|Any CPU
		{CEA15E7D-CAA2-A59E-77C3-EC0CF4CF94F6}.Release|Any CPU.ActiveCfg = Release|Any CPU
		{CEA15E7D-CAA2-A59E-77C3-EC0CF4CF94F6}.Release|Any CPU.Build.0 = Release|Any CPU
		{86E009DC-F592-A932-414A-F98D3E647821}.Debug|Any CPU.ActiveCfg = Debug|Any CPU
		{86E009DC-F592-A932-414A-F98D3E647821}.Debug|Any CPU.Build.0 = Debug|Any CPU
		{86E009DC-F592-A932-414A-F98D3E647821}.Release|Any CPU.ActiveCfg = Release|Any CPU
		{86E009DC-F592-A932-414A-F98D3E647821}.Release|Any CPU.Build.0 = Release|Any CPU
		{984977DE-B0C8-9BE0-9C52-33FB178670A3}.Debug|Any CPU.ActiveCfg = Debug|Any CPU
		{984977DE-B0C8-9BE0-9C52-33FB178670A3}.Debug|Any CPU.Build.0 = Debug|Any CPU
		{984977DE-B0C8-9BE0-9C52-33FB178670A3}.Release|Any CPU.ActiveCfg = Release|Any CPU
		{984977DE-B0C8-9BE0-9C52-33FB178670A3}.Release|Any CPU.Build.0 = Release|Any CPU
		{73E7C5F7-83CB-CC7D-9939-95ACC357C7CB}.Debug|Any CPU.ActiveCfg = Debug|Any CPU
		{73E7C5F7-83CB-CC7D-9939-95ACC357C7CB}.Debug|Any CPU.Build.0 = Debug|Any CPU
		{73E7C5F7-83CB-CC7D-9939-95ACC357C7CB}.Release|Any CPU.ActiveCfg = Release|Any CPU
		{73E7C5F7-83CB-CC7D-9939-95ACC357C7CB}.Release|Any CPU.Build.0 = Release|Any CPU
		{52039958-46BF-B0E2-B874-215D3D73EBE5}.Debug|Any CPU.ActiveCfg = Debug|Any CPU
		{52039958-46BF-B0E2-B874-215D3D73EBE5}.Debug|Any CPU.Build.0 = Debug|Any CPU
		{52039958-46BF-B0E2-B874-215D3D73EBE5}.Release|Any CPU.ActiveCfg = Release|Any CPU
		{52039958-46BF-B0E2-B874-215D3D73EBE5}.Release|Any CPU.Build.0 = Release|Any CPU
		{62C12BAC-59D9-C6B7-D0CC-016AAADE7CDE}.Debug|Any CPU.ActiveCfg = Debug|Any CPU
		{62C12BAC-59D9-C6B7-D0CC-016AAADE7CDE}.Debug|Any CPU.Build.0 = Debug|Any CPU
		{62C12BAC-59D9-C6B7-D0CC-016AAADE7CDE}.Release|Any CPU.ActiveCfg = Release|Any CPU
		{62C12BAC-59D9-C6B7-D0CC-016AAADE7CDE}.Release|Any CPU.Build.0 = Release|Any CPU
		{58C8D3C6-3DE0-5875-06B9-510BFF22A38E}.Debug|Any CPU.ActiveCfg = Debug|Any CPU
		{58C8D3C6-3DE0-5875-06B9-510BFF22A38E}.Debug|Any CPU.Build.0 = Debug|Any CPU
		{58C8D3C6-3DE0-5875-06B9-510BFF22A38E}.Release|Any CPU.ActiveCfg = Release|Any CPU
		{58C8D3C6-3DE0-5875-06B9-510BFF22A38E}.Release|Any CPU.Build.0 = Release|Any CPU
		{EDAE1F69-3D4F-C5FC-5499-4961A949A977}.Debug|Any CPU.ActiveCfg = Debug|Any CPU
		{EDAE1F69-3D4F-C5FC-5499-4961A949A977}.Debug|Any CPU.Build.0 = Debug|Any CPU
		{EDAE1F69-3D4F-C5FC-5499-4961A949A977}.Release|Any CPU.ActiveCfg = Release|Any CPU
		{EDAE1F69-3D4F-C5FC-5499-4961A949A977}.Release|Any CPU.Build.0 = Release|Any CPU
		{0DEE5AE2-A34F-E508-4DB2-4C50A5F58662}.Debug|Any CPU.ActiveCfg = Debug|Any CPU
		{0DEE5AE2-A34F-E508-4DB2-4C50A5F58662}.Debug|Any CPU.Build.0 = Debug|Any CPU
		{0DEE5AE2-A34F-E508-4DB2-4C50A5F58662}.Release|Any CPU.ActiveCfg = Release|Any CPU
		{0DEE5AE2-A34F-E508-4DB2-4C50A5F58662}.Release|Any CPU.Build.0 = Release|Any CPU
		{09B4A86D-DB60-7E72-95FA-D4AD5337235C}.Debug|Any CPU.ActiveCfg = Debug|Any CPU
		{09B4A86D-DB60-7E72-95FA-D4AD5337235C}.Debug|Any CPU.Build.0 = Debug|Any CPU
		{09B4A86D-DB60-7E72-95FA-D4AD5337235C}.Release|Any CPU.ActiveCfg = Release|Any CPU
		{09B4A86D-DB60-7E72-95FA-D4AD5337235C}.Release|Any CPU.Build.0 = Release|Any CPU
		{B275C54F-B31D-386F-8BAD-449B03B20FCA}.Debug|Any CPU.ActiveCfg = Debug|Any CPU
		{B275C54F-B31D-386F-8BAD-449B03B20FCA}.Debug|Any CPU.Build.0 = Debug|Any CPU
		{B275C54F-B31D-386F-8BAD-449B03B20FCA}.Release|Any CPU.ActiveCfg = Release|Any CPU
		{B275C54F-B31D-386F-8BAD-449B03B20FCA}.Release|Any CPU.Build.0 = Release|Any CPU
		{75B36806-E27E-13B8-B76E-6DCBE4F81DC6}.Debug|Any CPU.ActiveCfg = Debug|Any CPU
		{75B36806-E27E-13B8-B76E-6DCBE4F81DC6}.Debug|Any CPU.Build.0 = Debug|Any CPU
		{75B36806-E27E-13B8-B76E-6DCBE4F81DC6}.Release|Any CPU.ActiveCfg = Release|Any CPU
		{75B36806-E27E-13B8-B76E-6DCBE4F81DC6}.Release|Any CPU.Build.0 = Release|Any CPU
		{38F48969-3BE4-7001-2042-AB0EB3748685}.Debug|Any CPU.ActiveCfg = Debug|Any CPU
		{38F48969-3BE4-7001-2042-AB0EB3748685}.Debug|Any CPU.Build.0 = Debug|Any CPU
		{38F48969-3BE4-7001-2042-AB0EB3748685}.Release|Any CPU.ActiveCfg = Release|Any CPU
		{38F48969-3BE4-7001-2042-AB0EB3748685}.Release|Any CPU.Build.0 = Release|Any CPU
		{9460123B-8634-C502-7CBD-AF6CA9D02E8D}.Debug|Any CPU.ActiveCfg = Debug|Any CPU
		{9460123B-8634-C502-7CBD-AF6CA9D02E8D}.Debug|Any CPU.Build.0 = Debug|Any CPU
		{9460123B-8634-C502-7CBD-AF6CA9D02E8D}.Release|Any CPU.ActiveCfg = Release|Any CPU
		{9460123B-8634-C502-7CBD-AF6CA9D02E8D}.Release|Any CPU.Build.0 = Release|Any CPU
	EndGlobalSection
	GlobalSection(SolutionProperties) = preSolution
		HideSolutionNode = FALSE
	EndGlobalSection
EndGlobal
