
Microsoft Visual Studio Solution File, Format Version 11.00
# Visual Studio 2010
Project("{FAE04EC0-301F-11D3-BF4B-00C04F79EFBC}") = "UnityEngine.UI", "UnityEngine.UI.csproj", "{8858FF2A-F078-C946-EB6F-D6B06A4ADAD5}"
EndProject
Project("{FAE04EC0-301F-11D3-BF4B-00C04F79EFBC}") = "Oculus.Platform", "Oculus.Platform.csproj", "{37B8BAD2-9927-40E3-0CA5-0E786975EC83}"
EndProject
Project("{FAE04EC0-301F-11D3-BF4B-00C04F79EFBC}") = "Assembly-CSharp", "Assembly-CSharp.csproj", "{EB25EAD5-458C-8F23-E849-B17E623AD81B}"
EndProject
Project("{FAE04EC0-301F-11D3-BF4B-00C04F79EFBC}") = "UnityEngine.TestRunner", "UnityEngine.TestRunner.csproj", "{BF4DD545-FAC5-1B6F-9C87-5FDAA07AB9EC}"
EndProject
Project("{FAE04EC0-301F-11D3-BF4B-00C04F79EFBC}") = "UnityEngine.XR.LegacyInputHelpers", "UnityEngine.XR.LegacyInputHelpers.csproj", "{8B362315-4497-F842-7251-BEA18329C4BA}"
EndProject
Project("{FAE04EC0-301F-11D3-BF4B-00C04F79EFBC}") = "Oculus.Interaction", "Oculus.Interaction.csproj", "{902BCAAA-4870-D06C-69C1-2B600F0C8403}"
EndProject
Project("{FAE04EC0-301F-11D3-BF4B-00C04F79EFBC}") = "Oculus.Spatializer", "Oculus.Spatializer.csproj", "{95CEA893-DBCA-D28A-4996-976FA49402C6}"
EndProject
Project("{FAE04EC0-301F-11D3-BF4B-00C04F79EFBC}") = "Unity.Timeline", "Unity.Timeline.csproj", "{1BA929B1-DEAD-1DE7-019D-980417C898B1}"
EndProject
Project("{FAE04EC0-301F-11D3-BF4B-00C04F79EFBC}") = "Facebook.WitAI", "Facebook.WitAI.csproj", "{4248EBD4-5711-937B-C79B-B56F8B06312D}"
EndProject
Project("{FAE04EC0-301F-11D3-BF4B-00C04F79EFBC}") = "Unity.TextMeshPro", "Unity.TextMeshPro.csproj", "{F1D41715-93F6-D72A-0EB0-030092852332}"
EndProject
Project("{FAE04EC0-301F-11D3-BF4B-00C04F79EFBC}") = "Unity.XR.Oculus", "Unity.XR.Oculus.csproj", "{51EA5544-D74A-65B9-61D2-4966BC0A5A5C}"
EndProject
Project("{FAE04EC0-301F-11D3-BF4B-00C04F79EFBC}") = "Oculus.AudioManager", "Oculus.AudioManager.csproj", "{C6998C95-B822-F955-F078-2620CBFD94CA}"
EndProject
Project("{FAE04EC0-301F-11D3-BF4B-00C04F79EFBC}") = "Unity.XR.Management", "Unity.XR.Management.csproj", "{F194A113-A4FC-1AC0-502E-E1278FFB306D}"
EndProject
Project("{FAE04EC0-301F-11D3-BF4B-00C04F79EFBC}") = "Oculus.VR", "Oculus.VR.csproj", "{E949FABB-5B28-12C7-DC80-BE242A84B096}"
EndProject
Project("{FAE04EC0-301F-11D3-BF4B-00C04F79EFBC}") = "Oculus.Interaction.Samples", "Oculus.Interaction.Samples.csproj", "{1A025654-4B32-129F-8261-DA876C017295}"
EndProject
Project("{FAE04EC0-301F-11D3-BF4B-00C04F79EFBC}") = "VoiceSDK.Runtime", "VoiceSDK.Runtime.csproj", "{207BB17D-CF13-5971-7FCB-AD18D3FA1372}"
EndProject
Project("{FAE04EC0-301F-11D3-BF4B-00C04F79EFBC}") = "AssistantCoreSDKRuntime", "AssistantCoreSDKRuntime.csproj", "{6D21120A-E576-0375-3C4A-4D77651D7027}"
EndProject
Project("{FAE04EC0-301F-11D3-BF4B-00C04F79EFBC}") = "Oculus.LipSync", "Oculus.LipSync.csproj", "{3DD6F34C-BBD9-0417-0642-DE6218268DBC}"
EndProject
Project("{FAE04EC0-301F-11D3-BF4B-00C04F79EFBC}") = "Unity.Subsystem.Registration", "Unity.Subsystem.Registration.csproj", "{CB29C31B-E2B6-DD13-97D7-3AD051DD0A22}"
EndProject
Project("{FAE04EC0-301F-11D3-BF4B-00C04F79EFBC}") = "UnityEngine.SpatialTracking", "UnityEngine.SpatialTracking.csproj", "{302BB09C-51DB-E565-EB1D-D479D4A657DD}"
EndProject
Project("{FAE04EC0-301F-11D3-BF4B-00C04F79EFBC}") = "Unity.XR.Management.Editor", "Unity.XR.Management.Editor.csproj", "{7A7A9091-B24E-C715-9C78-65093979E810}"
EndProject
Project("{FAE04EC0-301F-11D3-BF4B-00C04F79EFBC}") = "UnityEditor.TestRunner", "UnityEditor.TestRunner.csproj", "{39F13074-4C18-4126-B26A-F546C055F519}"
EndProject
Project("{FAE04EC0-301F-11D3-BF4B-00C04F79EFBC}") = "Unity.PlasticSCM.Editor", "Unity.PlasticSCM.Editor.csproj", "{CBFA5EF3-FB29-9A62-1CFF-D0AD215F2B74}"
EndProject
Project("{FAE04EC0-301F-11D3-BF4B-00C04F79EFBC}") = "Oculus.Platform.Editor", "Oculus.Platform.Editor.csproj", "{77A9F354-092A-4F1A-6634-76ED23C96A4F}"
EndProject
Project("{FAE04EC0-301F-11D3-BF4B-00C04F79EFBC}") = "UnityEditor.UI", "UnityEditor.UI.csproj", "{24EDFF10-4465-195C-2D1E-AF1C91E94C5A}"
EndProject
Project("{FAE04EC0-301F-11D3-BF4B-00C04F79EFBC}") = "Unity.Services.Core.Editor", "Unity.Services.Core.Editor.csproj", "{1E99195C-7278-B050-8D6F-DD2F0E31BFC6}"
EndProject
Project("{FAE04EC0-301F-11D3-BF4B-00C04F79EFBC}") = "Unity.Timeline.Editor", "Unity.Timeline.Editor.csproj", "{C5B8C56E-B8F8-D8DA-F80E-0B5675157D62}"
EndProject
Project("{FAE04EC0-301F-11D3-BF4B-00C04F79EFBC}") = "Unity.VisualStudio.Editor", "Unity.VisualStudio.Editor.csproj", "{4BD7B356-5F06-5B14-F407-C0A7C700CD04}"
EndProject
Project("{FAE04EC0-301F-11D3-BF4B-00C04F79EFBC}") = "Oculus.AudioManager.Audio.Editor", "Oculus.AudioManager.Audio.Editor.csproj", "{4EA4096B-64BE-6626-87A7-3EB8175AE87E}"
EndProject
Project("{FAE04EC0-301F-11D3-BF4B-00C04F79EFBC}") = "Unity.TextMeshPro.Editor", "Unity.TextMeshPro.Editor.csproj", "{05D1CD03-F72B-D43A-4547-8DA0342A2959}"
EndProject
Project("{FAE04EC0-301F-11D3-BF4B-00C04F79EFBC}") = "Unity.CollabProxy.Editor", "Unity.CollabProxy.Editor.csproj", "{7BB1988D-638C-78A4-001D-7C797B470A27}"
EndProject
Project("{FAE04EC0-301F-11D3-BF4B-00C04F79EFBC}") = "Unity.Rider.Editor", "Unity.Rider.Editor.csproj", "{E287A597-E73C-2B97-0089-246658C351B7}"
EndProject
Project("{FAE04EC0-301F-11D3-BF4B-00C04F79EFBC}") = "Oculus.Interaction.Editor", "Oculus.Interaction.Editor.csproj", "{45CC9841-A166-440C-4237-0AE525B226D0}"
EndProject
Project("{FAE04EC0-301F-11D3-BF4B-00C04F79EFBC}") = "Oculus.VR.Scripts.Editor", "Oculus.VR.Scripts.Editor.csproj", "{9DE1AAE0-D8D0-C3EE-8336-C04589B93429}"
EndProject
Project("{FAE04EC0-301F-11D3-BF4B-00C04F79EFBC}") = "Facebook.Wit.Editor", "Facebook.Wit.Editor.csproj", "{A7E9AC8D-A3B9-70CF-CA5E-6DBEDF96F95B}"
EndProject
Project("{FAE04EC0-301F-11D3-BF4B-00C04F79EFBC}") = "Oculus.Spatializer.Editor", "Oculus.Spatializer.Editor.csproj", "{B851CACD-93A6-5138-9628-14C4BF86DAB8}"
EndProject
Project("{FAE04EC0-301F-11D3-BF4B-00C04F79EFBC}") = "Oculus.VR.Editor", "Oculus.VR.Editor.csproj", "{DE4C5A77-0D47-A0EA-BBE2-3382DAF5F4CD}"
EndProject
Project("{FAE04EC0-301F-11D3-BF4B-00C04F79EFBC}") = "UnityEditor.XR.LegacyInputHelpers", "UnityEditor.XR.LegacyInputHelpers.csproj", "{0678832C-46C8-3579-DC2A-81AABA74DE98}"
EndProject
Project("{FAE04EC0-301F-11D3-BF4B-00C04F79EFBC}") = "Oculus.LipSync.Editor", "Oculus.LipSync.Editor.csproj", "{3F0DA97F-6AAD-37CD-4767-9B557E4E8F73}"
EndProject
Project("{FAE04EC0-301F-11D3-BF4B-00C04F79EFBC}") = "Unity.VSCode.Editor", "Unity.VSCode.Editor.csproj", "{33F853B4-098B-0FA7-6950-914A4008DB20}"
EndProject
Project("{FAE04EC0-301F-11D3-BF4B-00C04F79EFBC}") = "Assembly-CSharp-Editor", "Assembly-CSharp-Editor.csproj", "{A5DD1711-A990-35C2-8C08-E7441D6E45DF}"
EndProject
Project("{FAE04EC0-301F-11D3-BF4B-00C04F79EFBC}") = "VoiceSDK.Editor", "VoiceSDK.Editor.csproj", "{586E622E-7626-7476-2BA4-073FA157B037}"
EndProject
Project("{FAE04EC0-301F-11D3-BF4B-00C04F79EFBC}") = "UnityEditor.SpatialTracking", "UnityEditor.SpatialTracking.csproj", "{CD81DAD1-D7D0-8FD6-C9A2-B8888CA6F1F9}"
EndProject
Project("{FAE04EC0-301F-11D3-BF4B-00C04F79EFBC}") = "AssistantCoreSDKEditor", "AssistantCoreSDKEditor.csproj", "{CB4DADB3-5996-76C0-9C12-7F86707B1C0F}"
EndProject
Project("{FAE04EC0-301F-11D3-BF4B-00C04F79EFBC}") = "Unity.XR.Oculus.Editor", "Unity.XR.Oculus.Editor.csproj", "{FE087DC9-33CF-80C7-EA23-8789ACBC66DE}"
EndProject
Project("{FAE04EC0-301F-11D3-BF4B-00C04F79EFBC}") = "Oculus.AudioManager.Utils.Editor", "Oculus.AudioManager.Utils.Editor.csproj", "{7C9D24ED-8F97-CBF4-7829-E28A78A445B6}"
EndProject
Project("{FAE04EC0-301F-11D3-BF4B-00C04F79EFBC}") = "Oculus.Interaction.InterfaceSupport", "Oculus.Interaction.InterfaceSupport.csproj", "{9A73F767-A0A9-04D2-C542-C5B17B08C450}"
EndProject
Project("{FAE04EC0-301F-11D3-BF4B-00C04F79EFBC}") = "UnityEngine.UI.Player", "UnityEngine.UI.Player.csproj", "{D2734563-9256-B270-F6BD-7FF182991772}"
EndProject
Project("{FAE04EC0-301F-11D3-BF4B-00C04F79EFBC}") = "Oculus.Platform.Player", "Oculus.Platform.Player.csproj", "{14DFF7AE-8F7C-03BA-A87C-EF0DCAD00BF9}"
EndProject
Project("{FAE04EC0-301F-11D3-BF4B-00C04F79EFBC}") = "Assembly-CSharp.Player", "Assembly-CSharp.Player.csproj", "{301DD72D-992D-4406-A0F3-EA31939ED7E5}"
EndProject
Project("{FAE04EC0-301F-11D3-BF4B-00C04F79EFBC}") = "UnityEngine.TestRunner.Player", "UnityEngine.TestRunner.Player.csproj", "{EC7E6488-93FB-61F8-DDBC-AB2AE5BEEC09}"
EndProject
Project("{FAE04EC0-301F-11D3-BF4B-00C04F79EFBC}") = "UnityEngine.XR.LegacyInputHelpers.Player", "UnityEngine.XR.LegacyInputHelpers.Player.csproj", "{9305B3C8-E7DA-9820-799D-F30CA712EC0E}"
EndProject
Project("{FAE04EC0-301F-11D3-BF4B-00C04F79EFBC}") = "Oculus.Interaction.Player", "Oculus.Interaction.Player.csproj", "{047F52F5-E2E2-23FF-4D23-3C84FC9A31B9}"
EndProject
Project("{FAE04EC0-301F-11D3-BF4B-00C04F79EFBC}") = "Oculus.Spatializer.Player", "Oculus.Spatializer.Player.csproj", "{B5F998A7-D840-92A2-F50B-AD47097E1FB1}"
EndProject
Project("{FAE04EC0-301F-11D3-BF4B-00C04F79EFBC}") = "Unity.Timeline.Player", "Unity.Timeline.Player.csproj", "{E972B9CA-86CF-DFFB-4F6B-6936488FD091}"
EndProject
Project("{FAE04EC0-301F-11D3-BF4B-00C04F79EFBC}") = "Facebook.WitAI.Player", "Facebook.WitAI.Player.csproj", "{1D34B172-9BEF-3027-D71A-08C7CB21D226}"
EndProject
Project("{FAE04EC0-301F-11D3-BF4B-00C04F79EFBC}") = "Unity.TextMeshPro.Player", "Unity.TextMeshPro.Player.csproj", "{5170AB46-AF5A-B923-1E61-41844E4F41AE}"
EndProject
Project("{FAE04EC0-301F-11D3-BF4B-00C04F79EFBC}") = "Unity.XR.Oculus.Player", "Unity.XR.Oculus.Player.csproj", "{DE1542BC-DF1D-B0E0-5648-6EC7ADC2CA7A}"
EndProject
Project("{FAE04EC0-301F-11D3-BF4B-00C04F79EFBC}") = "Oculus.AudioManager.Player", "Oculus.AudioManager.Player.csproj", "{F5DB2A80-065D-4DAC-26FD-F7E2B5F8DA59}"
EndProject
Project("{FAE04EC0-301F-11D3-BF4B-00C04F79EFBC}") = "Unity.XR.Management.Player", "Unity.XR.Management.Player.csproj", "{197AA1F0-DADF-3737-E338-EFBC04512FAF}"
EndProject
Project("{FAE04EC0-301F-11D3-BF4B-00C04F79EFBC}") = "Oculus.VR.Player", "Oculus.VR.Player.csproj", "{DEC0FC9C-7E57-C517-C2E8-BA7774F1E212}"
EndProject
Project("{FAE04EC0-301F-11D3-BF4B-00C04F79EFBC}") = "Oculus.Interaction.Samples.Player", "Oculus.Interaction.Samples.Player.csproj", "{584B3F49-9ECE-CE32-E157-96460E36E495}"
EndProject
Project("{FAE04EC0-301F-11D3-BF4B-00C04F79EFBC}") = "VoiceSDK.Runtime.Player", "VoiceSDK.Runtime.Player.csproj", "{35B3A4FA-A552-BA90-73B0-90E1BDF96F25}"
EndProject
Project("{FAE04EC0-301F-11D3-BF4B-00C04F79EFBC}") = "AssistantCoreSDKRuntime.Player", "AssistantCoreSDKRuntime.Player.csproj", "{C566ADFC-1A3E-33F6-3882-FE8432A4711D}"
EndProject
Project("{FAE04EC0-301F-11D3-BF4B-00C04F79EFBC}") = "Oculus.LipSync.Player", "Oculus.LipSync.Player.csproj", "{7E2B431A-1CCE-DBA3-ADAC-DD972EE603A9}"
EndProject
Project("{FAE04EC0-301F-11D3-BF4B-00C04F79EFBC}") = "Unity.Subsystem.Registration.Player", "Unity.Subsystem.Registration.Player.csproj", "{160C0B97-747E-5D81-5552-D7B9D261101F}"
EndProject
Project("{FAE04EC0-301F-11D3-BF4B-00C04F79EFBC}") = "UnityEngine.SpatialTracking.Player", "UnityEngine.SpatialTracking.Player.csproj", "{617B2505-3C52-F75B-A807-F65CAA7EEC4B}"
EndProject
Global
	GlobalSection(SolutionConfigurationPlatforms) = preSolution
		Debug|Any CPU = Debug|Any CPU
		Release|Any CPU = Release|Any CPU
	EndGlobalSection
	GlobalSection(ProjectConfigurationPlatforms) = postSolution
		{8858FF2A-F078-C946-EB6F-D6B06A4ADAD5}.Debug|Any CPU.ActiveCfg = Debug|Any CPU
		{8858FF2A-F078-C946-EB6F-D6B06A4ADAD5}.Debug|Any CPU.Build.0 = Debug|Any CPU
		{8858FF2A-F078-C946-EB6F-D6B06A4ADAD5}.Release|Any CPU.ActiveCfg = Release|Any CPU
		{8858FF2A-F078-C946-EB6F-D6B06A4ADAD5}.Release|Any CPU.Build.0 = Release|Any CPU
		{37B8BAD2-9927-40E3-0CA5-0E786975EC83}.Debug|Any CPU.ActiveCfg = Debug|Any CPU
		{37B8BAD2-9927-40E3-0CA5-0E786975EC83}.Debug|Any CPU.Build.0 = Debug|Any CPU
		{37B8BAD2-9927-40E3-0CA5-0E786975EC83}.Release|Any CPU.ActiveCfg = Release|Any CPU
		{37B8BAD2-9927-40E3-0CA5-0E786975EC83}.Release|Any CPU.Build.0 = Release|Any CPU
		{EB25EAD5-458C-8F23-E849-B17E623AD81B}.Debug|Any CPU.ActiveCfg = Debug|Any CPU
		{EB25EAD5-458C-8F23-E849-B17E623AD81B}.Debug|Any CPU.Build.0 = Debug|Any CPU
		{EB25EAD5-458C-8F23-E849-B17E623AD81B}.Release|Any CPU.ActiveCfg = Release|Any CPU
		{EB25EAD5-458C-8F23-E849-B17E623AD81B}.Release|Any CPU.Build.0 = Release|Any CPU
		{BF4DD545-FAC5-1B6F-9C87-5FDAA07AB9EC}.Debug|Any CPU.ActiveCfg = Debug|Any CPU
		{BF4DD545-FAC5-1B6F-9C87-5FDAA07AB9EC}.Debug|Any CPU.Build.0 = Debug|Any CPU
		{BF4DD545-FAC5-1B6F-9C87-5FDAA07AB9EC}.Release|Any CPU.ActiveCfg = Release|Any CPU
		{BF4DD545-FAC5-1B6F-9C87-5FDAA07AB9EC}.Release|Any CPU.Build.0 = Release|Any CPU
		{8B362315-4497-F842-7251-BEA18329C4BA}.Debug|Any CPU.ActiveCfg = Debug|Any CPU
		{8B362315-4497-F842-7251-BEA18329C4BA}.Debug|Any CPU.Build.0 = Debug|Any CPU
		{8B362315-4497-F842-7251-BEA18329C4BA}.Release|Any CPU.ActiveCfg = Release|Any CPU
		{8B362315-4497-F842-7251-BEA18329C4BA}.Release|Any CPU.Build.0 = Release|Any CPU
		{902BCAAA-4870-D06C-69C1-2B600F0C8403}.Debug|Any CPU.ActiveCfg = Debug|Any CPU
		{902BCAAA-4870-D06C-69C1-2B600F0C8403}.Debug|Any CPU.Build.0 = Debug|Any CPU
		{902BCAAA-4870-D06C-69C1-2B600F0C8403}.Release|Any CPU.ActiveCfg = Release|Any CPU
		{902BCAAA-4870-D06C-69C1-2B600F0C8403}.Release|Any CPU.Build.0 = Release|Any CPU
		{95CEA893-DBCA-D28A-4996-976FA49402C6}.Debug|Any CPU.ActiveCfg = Debug|Any CPU
		{95CEA893-DBCA-D28A-4996-976FA49402C6}.Debug|Any CPU.Build.0 = Debug|Any CPU
		{95CEA893-DBCA-D28A-4996-976FA49402C6}.Release|Any CPU.ActiveCfg = Release|Any CPU
		{95CEA893-DBCA-D28A-4996-976FA49402C6}.Release|Any CPU.Build.0 = Release|Any CPU
		{1BA929B1-DEAD-1DE7-019D-980417C898B1}.Debug|Any CPU.ActiveCfg = Debug|Any CPU
		{1BA929B1-DEAD-1DE7-019D-980417C898B1}.Debug|Any CPU.Build.0 = Debug|Any CPU
		{1BA929B1-DEAD-1DE7-019D-980417C898B1}.Release|Any CPU.ActiveCfg = Release|Any CPU
		{1BA929B1-DEAD-1DE7-019D-980417C898B1}.Release|Any CPU.Build.0 = Release|Any CPU
		{4248EBD4-5711-937B-C79B-B56F8B06312D}.Debug|Any CPU.ActiveCfg = Debug|Any CPU
		{4248EBD4-5711-937B-C79B-B56F8B06312D}.Debug|Any CPU.Build.0 = Debug|Any CPU
		{4248EBD4-5711-937B-C79B-B56F8B06312D}.Release|Any CPU.ActiveCfg = Release|Any CPU
		{4248EBD4-5711-937B-C79B-B56F8B06312D}.Release|Any CPU.Build.0 = Release|Any CPU
		{F1D41715-93F6-D72A-0EB0-030092852332}.Debug|Any CPU.ActiveCfg = Debug|Any CPU
		{F1D41715-93F6-D72A-0EB0-030092852332}.Debug|Any CPU.Build.0 = Debug|Any CPU
		{F1D41715-93F6-D72A-0EB0-030092852332}.Release|Any CPU.ActiveCfg = Release|Any CPU
		{F1D41715-93F6-D72A-0EB0-030092852332}.Release|Any CPU.Build.0 = Release|Any CPU
		{51EA5544-D74A-65B9-61D2-4966BC0A5A5C}.Debug|Any CPU.ActiveCfg = Debug|Any CPU
		{51EA5544-D74A-65B9-61D2-4966BC0A5A5C}.Debug|Any CPU.Build.0 = Debug|Any CPU
		{51EA5544-D74A-65B9-61D2-4966BC0A5A5C}.Release|Any CPU.ActiveCfg = Release|Any CPU
		{51EA5544-D74A-65B9-61D2-4966BC0A5A5C}.Release|Any CPU.Build.0 = Release|Any CPU
		{C6998C95-B822-F955-F078-2620CBFD94CA}.Debug|Any CPU.ActiveCfg = Debug|Any CPU
		{C6998C95-B822-F955-F078-2620CBFD94CA}.Debug|Any CPU.Build.0 = Debug|Any CPU
		{C6998C95-B822-F955-F078-2620CBFD94CA}.Release|Any CPU.ActiveCfg = Release|Any CPU
		{C6998C95-B822-F955-F078-2620CBFD94CA}.Release|Any CPU.Build.0 = Release|Any CPU
		{F194A113-A4FC-1AC0-502E-E1278FFB306D}.Debug|Any CPU.ActiveCfg = Debug|Any CPU
		{F194A113-A4FC-1AC0-502E-E1278FFB306D}.Debug|Any CPU.Build.0 = Debug|Any CPU
		{F194A113-A4FC-1AC0-502E-E1278FFB306D}.Release|Any CPU.ActiveCfg = Release|Any CPU
		{F194A113-A4FC-1AC0-502E-E1278FFB306D}.Release|Any CPU.Build.0 = Release|Any CPU
		{E949FABB-5B28-12C7-DC80-BE242A84B096}.Debug|Any CPU.ActiveCfg = Debug|Any CPU
		{E949FABB-5B28-12C7-DC80-BE242A84B096}.Debug|Any CPU.Build.0 = Debug|Any CPU
		{E949FABB-5B28-12C7-DC80-BE242A84B096}.Release|Any CPU.ActiveCfg = Release|Any CPU
		{E949FABB-5B28-12C7-DC80-BE242A84B096}.Release|Any CPU.Build.0 = Release|Any CPU
		{1A025654-4B32-129F-8261-DA876C017295}.Debug|Any CPU.ActiveCfg = Debug|Any CPU
		{1A025654-4B32-129F-8261-DA876C017295}.Debug|Any CPU.Build.0 = Debug|Any CPU
		{1A025654-4B32-129F-8261-DA876C017295}.Release|Any CPU.ActiveCfg = Release|Any CPU
		{1A025654-4B32-129F-8261-DA876C017295}.Release|Any CPU.Build.0 = Release|Any CPU
		{207BB17D-CF13-5971-7FCB-AD18D3FA1372}.Debug|Any CPU.ActiveCfg = Debug|Any CPU
		{207BB17D-CF13-5971-7FCB-AD18D3FA1372}.Debug|Any CPU.Build.0 = Debug|Any CPU
		{207BB17D-CF13-5971-7FCB-AD18D3FA1372}.Release|Any CPU.ActiveCfg = Release|Any CPU
		{207BB17D-CF13-5971-7FCB-AD18D3FA1372}.Release|Any CPU.Build.0 = Release|Any CPU
		{6D21120A-E576-0375-3C4A-4D77651D7027}.Debug|Any CPU.ActiveCfg = Debug|Any CPU
		{6D21120A-E576-0375-3C4A-4D77651D7027}.Debug|Any CPU.Build.0 = Debug|Any CPU
		{6D21120A-E576-0375-3C4A-4D77651D7027}.Release|Any CPU.ActiveCfg = Release|Any CPU
		{6D21120A-E576-0375-3C4A-4D77651D7027}.Release|Any CPU.Build.0 = Release|Any CPU
		{3DD6F34C-BBD9-0417-0642-DE6218268DBC}.Debug|Any CPU.ActiveCfg = Debug|Any CPU
		{3DD6F34C-BBD9-0417-0642-DE6218268DBC}.Debug|Any CPU.Build.0 = Debug|Any CPU
		{3DD6F34C-BBD9-0417-0642-DE6218268DBC}.Release|Any CPU.ActiveCfg = Release|Any CPU
		{3DD6F34C-BBD9-0417-0642-DE6218268DBC}.Release|Any CPU.Build.0 = Release|Any CPU
		{CB29C31B-E2B6-DD13-97D7-3AD051DD0A22}.Debug|Any CPU.ActiveCfg = Debug|Any CPU
		{CB29C31B-E2B6-DD13-97D7-3AD051DD0A22}.Debug|Any CPU.Build.0 = Debug|Any CPU
		{CB29C31B-E2B6-DD13-97D7-3AD051DD0A22}.Release|Any CPU.ActiveCfg = Release|Any CPU
		{CB29C31B-E2B6-DD13-97D7-3AD051DD0A22}.Release|Any CPU.Build.0 = Release|Any CPU
		{302BB09C-51DB-E565-EB1D-D479D4A657DD}.Debug|Any CPU.ActiveCfg = Debug|Any CPU
		{302BB09C-51DB-E565-EB1D-D479D4A657DD}.Debug|Any CPU.Build.0 = Debug|Any CPU
		{302BB09C-51DB-E565-EB1D-D479D4A657DD}.Release|Any CPU.ActiveCfg = Release|Any CPU
		{302BB09C-51DB-E565-EB1D-D479D4A657DD}.Release|Any CPU.Build.0 = Release|Any CPU
		{7A7A9091-B24E-C715-9C78-65093979E810}.Debug|Any CPU.ActiveCfg = Debug|Any CPU
		{7A7A9091-B24E-C715-9C78-65093979E810}.Debug|Any CPU.Build.0 = Debug|Any CPU
		{7A7A9091-B24E-C715-9C78-65093979E810}.Release|Any CPU.ActiveCfg = Release|Any CPU
		{7A7A9091-B24E-C715-9C78-65093979E810}.Release|Any CPU.Build.0 = Release|Any CPU
		{39F13074-4C18-4126-B26A-F546C055F519}.Debug|Any CPU.ActiveCfg = Debug|Any CPU
		{39F13074-4C18-4126-B26A-F546C055F519}.Debug|Any CPU.Build.0 = Debug|Any CPU
		{39F13074-4C18-4126-B26A-F546C055F519}.Release|Any CPU.ActiveCfg = Release|Any CPU
		{39F13074-4C18-4126-B26A-F546C055F519}.Release|Any CPU.Build.0 = Release|Any CPU
		{CBFA5EF3-FB29-9A62-1CFF-D0AD215F2B74}.Debug|Any CPU.ActiveCfg = Debug|Any CPU
		{CBFA5EF3-FB29-9A62-1CFF-D0AD215F2B74}.Debug|Any CPU.Build.0 = Debug|Any CPU
		{CBFA5EF3-FB29-9A62-1CFF-D0AD215F2B74}.Release|Any CPU.ActiveCfg = Release|Any CPU
		{CBFA5EF3-FB29-9A62-1CFF-D0AD215F2B74}.Release|Any CPU.Build.0 = Release|Any CPU
		{77A9F354-092A-4F1A-6634-76ED23C96A4F}.Debug|Any CPU.ActiveCfg = Debug|Any CPU
		{77A9F354-092A-4F1A-6634-76ED23C96A4F}.Debug|Any CPU.Build.0 = Debug|Any CPU
		{77A9F354-092A-4F1A-6634-76ED23C96A4F}.Release|Any CPU.ActiveCfg = Release|Any CPU
		{77A9F354-092A-4F1A-6634-76ED23C96A4F}.Release|Any CPU.Build.0 = Release|Any CPU
		{24EDFF10-4465-195C-2D1E-AF1C91E94C5A}.Debug|Any CPU.ActiveCfg = Debug|Any CPU
		{24EDFF10-4465-195C-2D1E-AF1C91E94C5A}.Debug|Any CPU.Build.0 = Debug|Any CPU
		{24EDFF10-4465-195C-2D1E-AF1C91E94C5A}.Release|Any CPU.ActiveCfg = Release|Any CPU
		{24EDFF10-4465-195C-2D1E-AF1C91E94C5A}.Release|Any CPU.Build.0 = Release|Any CPU
		{1E99195C-7278-B050-8D6F-DD2F0E31BFC6}.Debug|Any CPU.ActiveCfg = Debug|Any CPU
		{1E99195C-7278-B050-8D6F-DD2F0E31BFC6}.Debug|Any CPU.Build.0 = Debug|Any CPU
		{1E99195C-7278-B050-8D6F-DD2F0E31BFC6}.Release|Any CPU.ActiveCfg = Release|Any CPU
		{1E99195C-7278-B050-8D6F-DD2F0E31BFC6}.Release|Any CPU.Build.0 = Release|Any CPU
		{C5B8C56E-B8F8-D8DA-F80E-0B5675157D62}.Debug|Any CPU.ActiveCfg = Debug|Any CPU
		{C5B8C56E-B8F8-D8DA-F80E-0B5675157D62}.Debug|Any CPU.Build.0 = Debug|Any CPU
		{C5B8C56E-B8F8-D8DA-F80E-0B5675157D62}.Release|Any CPU.ActiveCfg = Release|Any CPU
		{C5B8C56E-B8F8-D8DA-F80E-0B5675157D62}.Release|Any CPU.Build.0 = Release|Any CPU
		{4BD7B356-5F06-5B14-F407-C0A7C700CD04}.Debug|Any CPU.ActiveCfg = Debug|Any CPU
		{4BD7B356-5F06-5B14-F407-C0A7C700CD04}.Debug|Any CPU.Build.0 = Debug|Any CPU
		{4BD7B356-5F06-5B14-F407-C0A7C700CD04}.Release|Any CPU.ActiveCfg = Release|Any CPU
		{4BD7B356-5F06-5B14-F407-C0A7C700CD04}.Release|Any CPU.Build.0 = Release|Any CPU
		{4EA4096B-64BE-6626-87A7-3EB8175AE87E}.Debug|Any CPU.ActiveCfg = Debug|Any CPU
		{4EA4096B-64BE-6626-87A7-3EB8175AE87E}.Debug|Any CPU.Build.0 = Debug|Any CPU
		{4EA4096B-64BE-6626-87A7-3EB8175AE87E}.Release|Any CPU.ActiveCfg = Release|Any CPU
		{4EA4096B-64BE-6626-87A7-3EB8175AE87E}.Release|Any CPU.Build.0 = Release|Any CPU
		{05D1CD03-F72B-D43A-4547-8DA0342A2959}.Debug|Any CPU.ActiveCfg = Debug|Any CPU
		{05D1CD03-F72B-D43A-4547-8DA0342A2959}.Debug|Any CPU.Build.0 = Debug|Any CPU
		{05D1CD03-F72B-D43A-4547-8DA0342A2959}.Release|Any CPU.ActiveCfg = Release|Any CPU
		{05D1CD03-F72B-D43A-4547-8DA0342A2959}.Release|Any CPU.Build.0 = Release|Any CPU
		{7BB1988D-638C-78A4-001D-7C797B470A27}.Debug|Any CPU.ActiveCfg = Debug|Any CPU
		{7BB1988D-638C-78A4-001D-7C797B470A27}.Debug|Any CPU.Build.0 = Debug|Any CPU
		{7BB1988D-638C-78A4-001D-7C797B470A27}.Release|Any CPU.ActiveCfg = Release|Any CPU
		{7BB1988D-638C-78A4-001D-7C797B470A27}.Release|Any CPU.Build.0 = Release|Any CPU
		{E287A597-E73C-2B97-0089-246658C351B7}.Debug|Any CPU.ActiveCfg = Debug|Any CPU
		{E287A597-E73C-2B97-0089-246658C351B7}.Debug|Any CPU.Build.0 = Debug|Any CPU
		{E287A597-E73C-2B97-0089-246658C351B7}.Release|Any CPU.ActiveCfg = Release|Any CPU
		{E287A597-E73C-2B97-0089-246658C351B7}.Release|Any CPU.Build.0 = Release|Any CPU
		{45CC9841-A166-440C-4237-0AE525B226D0}.Debug|Any CPU.ActiveCfg = Debug|Any CPU
		{45CC9841-A166-440C-4237-0AE525B226D0}.Debug|Any CPU.Build.0 = Debug|Any CPU
		{45CC9841-A166-440C-4237-0AE525B226D0}.Release|Any CPU.ActiveCfg = Release|Any CPU
		{45CC9841-A166-440C-4237-0AE525B226D0}.Release|Any CPU.Build.0 = Release|Any CPU
		{9DE1AAE0-D8D0-C3EE-8336-C04589B93429}.Debug|Any CPU.ActiveCfg = Debug|Any CPU
		{9DE1AAE0-D8D0-C3EE-8336-C04589B93429}.Debug|Any CPU.Build.0 = Debug|Any CPU
		{9DE1AAE0-D8D0-C3EE-8336-C04589B93429}.Release|Any CPU.ActiveCfg = Release|Any CPU
		{9DE1AAE0-D8D0-C3EE-8336-C04589B93429}.Release|Any CPU.Build.0 = Release|Any CPU
		{A7E9AC8D-A3B9-70CF-CA5E-6DBEDF96F95B}.Debug|Any CPU.ActiveCfg = Debug|Any CPU
		{A7E9AC8D-A3B9-70CF-CA5E-6DBEDF96F95B}.Debug|Any CPU.Build.0 = Debug|Any CPU
		{A7E9AC8D-A3B9-70CF-CA5E-6DBEDF96F95B}.Release|Any CPU.ActiveCfg = Release|Any CPU
		{A7E9AC8D-A3B9-70CF-CA5E-6DBEDF96F95B}.Release|Any CPU.Build.0 = Release|Any CPU
		{B851CACD-93A6-5138-9628-14C4BF86DAB8}.Debug|Any CPU.ActiveCfg = Debug|Any CPU
		{B851CACD-93A6-5138-9628-14C4BF86DAB8}.Debug|Any CPU.Build.0 = Debug|Any CPU
		{B851CACD-93A6-5138-9628-14C4BF86DAB8}.Release|Any CPU.ActiveCfg = Release|Any CPU
		{B851CACD-93A6-5138-9628-14C4BF86DAB8}.Release|Any CPU.Build.0 = Release|Any CPU
		{DE4C5A77-0D47-A0EA-BBE2-3382DAF5F4CD}.Debug|Any CPU.ActiveCfg = Debug|Any CPU
		{DE4C5A77-0D47-A0EA-BBE2-3382DAF5F4CD}.Debug|Any CPU.Build.0 = Debug|Any CPU
		{DE4C5A77-0D47-A0EA-BBE2-3382DAF5F4CD}.Release|Any CPU.ActiveCfg = Release|Any CPU
		{DE4C5A77-0D47-A0EA-BBE2-3382DAF5F4CD}.Release|Any CPU.Build.0 = Release|Any CPU
		{0678832C-46C8-3579-DC2A-81AABA74DE98}.Debug|Any CPU.ActiveCfg = Debug|Any CPU
		{0678832C-46C8-3579-DC2A-81AABA74DE98}.Debug|Any CPU.Build.0 = Debug|Any CPU
		{0678832C-46C8-3579-DC2A-81AABA74DE98}.Release|Any CPU.ActiveCfg = Release|Any CPU
		{0678832C-46C8-3579-DC2A-81AABA74DE98}.Release|Any CPU.Build.0 = Release|Any CPU
		{3F0DA97F-6AAD-37CD-4767-9B557E4E8F73}.Debug|Any CPU.ActiveCfg = Debug|Any CPU
		{3F0DA97F-6AAD-37CD-4767-9B557E4E8F73}.Debug|Any CPU.Build.0 = Debug|Any CPU
		{3F0DA97F-6AAD-37CD-4767-9B557E4E8F73}.Release|Any CPU.ActiveCfg = Release|Any CPU
		{3F0DA97F-6AAD-37CD-4767-9B557E4E8F73}.Release|Any CPU.Build.0 = Release|Any CPU
		{33F853B4-098B-0FA7-6950-914A4008DB20}.Debug|Any CPU.ActiveCfg = Debug|Any CPU
		{33F853B4-098B-0FA7-6950-914A4008DB20}.Debug|Any CPU.Build.0 = Debug|Any CPU
		{33F853B4-098B-0FA7-6950-914A4008DB20}.Release|Any CPU.ActiveCfg = Release|Any CPU
		{33F853B4-098B-0FA7-6950-914A4008DB20}.Release|Any CPU.Build.0 = Release|Any CPU
		{A5DD1711-A990-35C2-8C08-E7441D6E45DF}.Debug|Any CPU.ActiveCfg = Debug|Any CPU
		{A5DD1711-A990-35C2-8C08-E7441D6E45DF}.Debug|Any CPU.Build.0 = Debug|Any CPU
		{A5DD1711-A990-35C2-8C08-E7441D6E45DF}.Release|Any CPU.ActiveCfg = Release|Any CPU
		{A5DD1711-A990-35C2-8C08-E7441D6E45DF}.Release|Any CPU.Build.0 = Release|Any CPU
		{586E622E-7626-7476-2BA4-073FA157B037}.Debug|Any CPU.ActiveCfg = Debug|Any CPU
		{586E622E-7626-7476-2BA4-073FA157B037}.Debug|Any CPU.Build.0 = Debug|Any CPU
		{586E622E-7626-7476-2BA4-073FA157B037}.Release|Any CPU.ActiveCfg = Release|Any CPU
		{586E622E-7626-7476-2BA4-073FA157B037}.Release|Any CPU.Build.0 = Release|Any CPU
		{CD81DAD1-D7D0-8FD6-C9A2-B8888CA6F1F9}.Debug|Any CPU.ActiveCfg = Debug|Any CPU
		{CD81DAD1-D7D0-8FD6-C9A2-B8888CA6F1F9}.Debug|Any CPU.Build.0 = Debug|Any CPU
		{CD81DAD1-D7D0-8FD6-C9A2-B8888CA6F1F9}.Release|Any CPU.ActiveCfg = Release|Any CPU
		{CD81DAD1-D7D0-8FD6-C9A2-B8888CA6F1F9}.Release|Any CPU.Build.0 = Release|Any CPU
		{CB4DADB3-5996-76C0-9C12-7F86707B1C0F}.Debug|Any CPU.ActiveCfg = Debug|Any CPU
		{CB4DADB3-5996-76C0-9C12-7F86707B1C0F}.Debug|Any CPU.Build.0 = Debug|Any CPU
		{CB4DADB3-5996-76C0-9C12-7F86707B1C0F}.Release|Any CPU.ActiveCfg = Release|Any CPU
		{CB4DADB3-5996-76C0-9C12-7F86707B1C0F}.Release|Any CPU.Build.0 = Release|Any CPU
		{FE087DC9-33CF-80C7-EA23-8789ACBC66DE}.Debug|Any CPU.ActiveCfg = Debug|Any CPU
		{FE087DC9-33CF-80C7-EA23-8789ACBC66DE}.Debug|Any CPU.Build.0 = Debug|Any CPU
		{FE087DC9-33CF-80C7-EA23-8789ACBC66DE}.Release|Any CPU.ActiveCfg = Release|Any CPU
		{FE087DC9-33CF-80C7-EA23-8789ACBC66DE}.Release|Any CPU.Build.0 = Release|Any CPU
		{7C9D24ED-8F97-CBF4-7829-E28A78A445B6}.Debug|Any CPU.ActiveCfg = Debug|Any CPU
		{7C9D24ED-8F97-CBF4-7829-E28A78A445B6}.Debug|Any CPU.Build.0 = Debug|Any CPU
		{7C9D24ED-8F97-CBF4-7829-E28A78A445B6}.Release|Any CPU.ActiveCfg = Release|Any CPU
		{7C9D24ED-8F97-CBF4-7829-E28A78A445B6}.Release|Any CPU.Build.0 = Release|Any CPU
		{9A73F767-A0A9-04D2-C542-C5B17B08C450}.Debug|Any CPU.ActiveCfg = Debug|Any CPU
		{9A73F767-A0A9-04D2-C542-C5B17B08C450}.Debug|Any CPU.Build.0 = Debug|Any CPU
		{9A73F767-A0A9-04D2-C542-C5B17B08C450}.Release|Any CPU.ActiveCfg = Release|Any CPU
		{9A73F767-A0A9-04D2-C542-C5B17B08C450}.Release|Any CPU.Build.0 = Release|Any CPU
		{D2734563-9256-B270-F6BD-7FF182991772}.Debug|Any CPU.ActiveCfg = Debug|Any CPU
		{D2734563-9256-B270-F6BD-7FF182991772}.Debug|Any CPU.Build.0 = Debug|Any CPU
		{D2734563-9256-B270-F6BD-7FF182991772}.Release|Any CPU.ActiveCfg = Release|Any CPU
		{D2734563-9256-B270-F6BD-7FF182991772}.Release|Any CPU.Build.0 = Release|Any CPU
		{14DFF7AE-8F7C-03BA-A87C-EF0DCAD00BF9}.Debug|Any CPU.ActiveCfg = Debug|Any CPU
		{14DFF7AE-8F7C-03BA-A87C-EF0DCAD00BF9}.Debug|Any CPU.Build.0 = Debug|Any CPU
		{14DFF7AE-8F7C-03BA-A87C-EF0DCAD00BF9}.Release|Any CPU.ActiveCfg = Release|Any CPU
		{14DFF7AE-8F7C-03BA-A87C-EF0DCAD00BF9}.Release|Any CPU.Build.0 = Release|Any CPU
		{301DD72D-992D-4406-A0F3-EA31939ED7E5}.Debug|Any CPU.ActiveCfg = Debug|Any CPU
		{301DD72D-992D-4406-A0F3-EA31939ED7E5}.Debug|Any CPU.Build.0 = Debug|Any CPU
		{301DD72D-992D-4406-A0F3-EA31939ED7E5}.Release|Any CPU.ActiveCfg = Release|Any CPU
		{301DD72D-992D-4406-A0F3-EA31939ED7E5}.Release|Any CPU.Build.0 = Release|Any CPU
		{EC7E6488-93FB-61F8-DDBC-AB2AE5BEEC09}.Debug|Any CPU.ActiveCfg = Debug|Any CPU
		{EC7E6488-93FB-61F8-DDBC-AB2AE5BEEC09}.Debug|Any CPU.Build.0 = Debug|Any CPU
		{EC7E6488-93FB-61F8-DDBC-AB2AE5BEEC09}.Release|Any CPU.ActiveCfg = Release|Any CPU
		{EC7E6488-93FB-61F8-DDBC-AB2AE5BEEC09}.Release|Any CPU.Build.0 = Release|Any CPU
		{9305B3C8-E7DA-9820-799D-F30CA712EC0E}.Debug|Any CPU.ActiveCfg = Debug|Any CPU
		{9305B3C8-E7DA-9820-799D-F30CA712EC0E}.Debug|Any CPU.Build.0 = Debug|Any CPU
		{9305B3C8-E7DA-9820-799D-F30CA712EC0E}.Release|Any CPU.ActiveCfg = Release|Any CPU
		{9305B3C8-E7DA-9820-799D-F30CA712EC0E}.Release|Any CPU.Build.0 = Release|Any CPU
		{047F52F5-E2E2-23FF-4D23-3C84FC9A31B9}.Debug|Any CPU.ActiveCfg = Debug|Any CPU
		{047F52F5-E2E2-23FF-4D23-3C84FC9A31B9}.Debug|Any CPU.Build.0 = Debug|Any CPU
		{047F52F5-E2E2-23FF-4D23-3C84FC9A31B9}.Release|Any CPU.ActiveCfg = Release|Any CPU
		{047F52F5-E2E2-23FF-4D23-3C84FC9A31B9}.Release|Any CPU.Build.0 = Release|Any CPU
		{B5F998A7-D840-92A2-F50B-AD47097E1FB1}.Debug|Any CPU.ActiveCfg = Debug|Any CPU
		{B5F998A7-D840-92A2-F50B-AD47097E1FB1}.Debug|Any CPU.Build.0 = Debug|Any CPU
		{B5F998A7-D840-92A2-F50B-AD47097E1FB1}.Release|Any CPU.ActiveCfg = Release|Any CPU
		{B5F998A7-D840-92A2-F50B-AD47097E1FB1}.Release|Any CPU.Build.0 = Release|Any CPU
		{E972B9CA-86CF-DFFB-4F6B-6936488FD091}.Debug|Any CPU.ActiveCfg = Debug|Any CPU
		{E972B9CA-86CF-DFFB-4F6B-6936488FD091}.Debug|Any CPU.Build.0 = Debug|Any CPU
		{E972B9CA-86CF-DFFB-4F6B-6936488FD091}.Release|Any CPU.ActiveCfg = Release|Any CPU
		{E972B9CA-86CF-DFFB-4F6B-6936488FD091}.Release|Any CPU.Build.0 = Release|Any CPU
		{1D34B172-9BEF-3027-D71A-08C7CB21D226}.Debug|Any CPU.ActiveCfg = Debug|Any CPU
		{1D34B172-9BEF-3027-D71A-08C7CB21D226}.Debug|Any CPU.Build.0 = Debug|Any CPU
		{1D34B172-9BEF-3027-D71A-08C7CB21D226}.Release|Any CPU.ActiveCfg = Release|Any CPU
		{1D34B172-9BEF-3027-D71A-08C7CB21D226}.Release|Any CPU.Build.0 = Release|Any CPU
		{5170AB46-AF5A-B923-1E61-41844E4F41AE}.Debug|Any CPU.ActiveCfg = Debug|Any CPU
		{5170AB46-AF5A-B923-1E61-41844E4F41AE}.Debug|Any CPU.Build.0 = Debug|Any CPU
		{5170AB46-AF5A-B923-1E61-41844E4F41AE}.Release|Any CPU.ActiveCfg = Release|Any CPU
		{5170AB46-AF5A-B923-1E61-41844E4F41AE}.Release|Any CPU.Build.0 = Release|Any CPU
		{DE1542BC-DF1D-B0E0-5648-6EC7ADC2CA7A}.Debug|Any CPU.ActiveCfg = Debug|Any CPU
		{DE1542BC-DF1D-B0E0-5648-6EC7ADC2CA7A}.Debug|Any CPU.Build.0 = Debug|Any CPU
		{DE1542BC-DF1D-B0E0-5648-6EC7ADC2CA7A}.Release|Any CPU.ActiveCfg = Release|Any CPU
		{DE1542BC-DF1D-B0E0-5648-6EC7ADC2CA7A}.Release|Any CPU.Build.0 = Release|Any CPU
		{F5DB2A80-065D-4DAC-26FD-F7E2B5F8DA59}.Debug|Any CPU.ActiveCfg = Debug|Any CPU
		{F5DB2A80-065D-4DAC-26FD-F7E2B5F8DA59}.Debug|Any CPU.Build.0 = Debug|Any CPU
		{F5DB2A80-065D-4DAC-26FD-F7E2B5F8DA59}.Release|Any CPU.ActiveCfg = Release|Any CPU
		{F5DB2A80-065D-4DAC-26FD-F7E2B5F8DA59}.Release|Any CPU.Build.0 = Release|Any CPU
		{197AA1F0-DADF-3737-E338-EFBC04512FAF}.Debug|Any CPU.ActiveCfg = Debug|Any CPU
		{197AA1F0-DADF-3737-E338-EFBC04512FAF}.Debug|Any CPU.Build.0 = Debug|Any CPU
		{197AA1F0-DADF-3737-E338-EFBC04512FAF}.Release|Any CPU.ActiveCfg = Release|Any CPU
		{197AA1F0-DADF-3737-E338-EFBC04512FAF}.Release|Any CPU.Build.0 = Release|Any CPU
		{DEC0FC9C-7E57-C517-C2E8-BA7774F1E212}.Debug|Any CPU.ActiveCfg = Debug|Any CPU
		{DEC0FC9C-7E57-C517-C2E8-BA7774F1E212}.Debug|Any CPU.Build.0 = Debug|Any CPU
		{DEC0FC9C-7E57-C517-C2E8-BA7774F1E212}.Release|Any CPU.ActiveCfg = Release|Any CPU
		{DEC0FC9C-7E57-C517-C2E8-BA7774F1E212}.Release|Any CPU.Build.0 = Release|Any CPU
		{584B3F49-9ECE-CE32-E157-96460E36E495}.Debug|Any CPU.ActiveCfg = Debug|Any CPU
		{584B3F49-9ECE-CE32-E157-96460E36E495}.Debug|Any CPU.Build.0 = Debug|Any CPU
		{584B3F49-9ECE-CE32-E157-96460E36E495}.Release|Any CPU.ActiveCfg = Release|Any CPU
		{584B3F49-9ECE-CE32-E157-96460E36E495}.Release|Any CPU.Build.0 = Release|Any CPU
		{35B3A4FA-A552-BA90-73B0-90E1BDF96F25}.Debug|Any CPU.ActiveCfg = Debug|Any CPU
		{35B3A4FA-A552-BA90-73B0-90E1BDF96F25}.Debug|Any CPU.Build.0 = Debug|Any CPU
		{35B3A4FA-A552-BA90-73B0-90E1BDF96F25}.Release|Any CPU.ActiveCfg = Release|Any CPU
		{35B3A4FA-A552-BA90-73B0-90E1BDF96F25}.Release|Any CPU.Build.0 = Release|Any CPU
		{C566ADFC-1A3E-33F6-3882-FE8432A4711D}.Debug|Any CPU.ActiveCfg = Debug|Any CPU
		{C566ADFC-1A3E-33F6-3882-FE8432A4711D}.Debug|Any CPU.Build.0 = Debug|Any CPU
		{C566ADFC-1A3E-33F6-3882-FE8432A4711D}.Release|Any CPU.ActiveCfg = Release|Any CPU
		{C566ADFC-1A3E-33F6-3882-FE8432A4711D}.Release|Any CPU.Build.0 = Release|Any CPU
		{7E2B431A-1CCE-DBA3-ADAC-DD972EE603A9}.Debug|Any CPU.ActiveCfg = Debug|Any CPU
		{7E2B431A-1CCE-DBA3-ADAC-DD972EE603A9}.Debug|Any CPU.Build.0 = Debug|Any CPU
		{7E2B431A-1CCE-DBA3-ADAC-DD972EE603A9}.Release|Any CPU.ActiveCfg = Release|Any CPU
		{7E2B431A-1CCE-DBA3-ADAC-DD972EE603A9}.Release|Any CPU.Build.0 = Release|Any CPU
		{160C0B97-747E-5D81-5552-D7B9D261101F}.Debug|Any CPU.ActiveCfg = Debug|Any CPU
		{160C0B97-747E-5D81-5552-D7B9D261101F}.Debug|Any CPU.Build.0 = Debug|Any CPU
		{160C0B97-747E-5D81-5552-D7B9D261101F}.Release|Any CPU.ActiveCfg = Release|Any CPU
		{160C0B97-747E-5D81-5552-D7B9D261101F}.Release|Any CPU.Build.0 = Release|Any CPU
		{617B2505-3C52-F75B-A807-F65CAA7EEC4B}.Debug|Any CPU.ActiveCfg = Debug|Any CPU
		{617B2505-3C52-F75B-A807-F65CAA7EEC4B}.Debug|Any CPU.Build.0 = Debug|Any CPU
		{617B2505-3C52-F75B-A807-F65CAA7EEC4B}.Release|Any CPU.ActiveCfg = Release|Any CPU
		{617B2505-3C52-F75B-A807-F65CAA7EEC4B}.Release|Any CPU.Build.0 = Release|Any CPU
	EndGlobalSection
	GlobalSection(SolutionProperties) = preSolution
		HideSolutionNode = FALSE
	EndGlobalSection
EndGlobal
